
Microsoft Visual Studio Solution File, Format Version 11.00
# Visual Studio 2010
Project("{F184B08F-C81C-45F6-A57F-5ABD9991F28F}") = "RxSniffer", "RxSniffer\RxSniffer.vbproj", "{86F93709-CC70-4A2E-9717-09891B88F5C1}"
EndProject
Project("{FAE04EC0-301F-11D3-BF4B-00C04F79EFBC}") = "UnZipFile", "UnZip\UnZipFile.csproj", "{221A48C7-BF0D-4A67-8721-32083907B388}"
EndProject
Project("{54435603-DBB4-11D2-8724-00A0C9A8B90C}") = "RxSniffer Setup", "RxSniffer Setup\RxSniffer Setup.vdproj", "{C348E6A1-BA69-4B32-9C36-1966F60B6082}"
EndProject
Project("{F184B08F-C81C-45F6-A57F-5ABD9991F28F}") = "gloSureScript", "..\..\gloCommon\gloSureScript\gloSureScript.vbproj", "{D30C09DC-7C58-465F-91BE-FAB082655926}"
EndProject
Project("{FAE04EC0-301F-11D3-BF4B-00C04F79EFBC}") = "gloAuditTrail", "..\..\gloCommon\gloAuditTrail\gloAuditTrail.csproj", "{3F4FA298-6C2B-4635-94A0-B0FB20F9AAAF}"
EndProject
Project("{FAE04EC0-301F-11D3-BF4B-00C04F79EFBC}") = "gloDatabaseLayer", "..\..\gloCommon\gloDatabaseLayer\gloDatabaseLayer.csproj", "{6D67B632-66D0-4EDC-9943-B6488A6098D3}"
EndProject
Project("{FAE04EC0-301F-11D3-BF4B-00C04F79EFBC}") = "gloDateMaster", "..\..\gloCommon\gloDateMaster\gloDateMaster.csproj", "{ECD171D2-F407-41D5-AC83-C4F6A692EAF2}"
EndProject
Project("{FAE04EC0-301F-11D3-BF4B-00C04F79EFBC}") = "gloGeneralItem", "..\..\gloCommon\gloGeneralItem\gloGeneralItem.csproj", "{076D1B63-0D5C-4F76-B30B-C94023290017}"
EndProject
Project("{FAE04EC0-301F-11D3-BF4B-00C04F79EFBC}") = "gloRxHub", "..\..\gloCommon\gloRxHub\gloRxHub.csproj", "{5192BCFC-17BC-4298-81C9-CEB9CDE99497}"
EndProject
Project("{F184B08F-C81C-45F6-A57F-5ABD9991F28F}") = "gloEAR", "..\..\gloCommon\gloEAR\gloEAR.vbproj", "{5FBFDF65-FEFB-4CAA-A2D1-1053998BF448}"
EndProject
Project("{F184B08F-C81C-45F6-A57F-5ABD9991F28F}") = "gloEMRGeneralLibrary", "..\..\gloCommon\gloEMRGeneralLibrary\gloEMRGeneralLibrary.vbproj", "{39D920BB-D15F-41CC-864B-B9786E8130CB}"
EndProject
Project("{FAE04EC0-301F-11D3-BF4B-00C04F79EFBC}") = "gloVault", "gloVault\gloVault.csproj", "{EC63592F-F625-4673-A046-9C7D44E84D6B}"
EndProject
Project("{FAE04EC0-301F-11D3-BF4B-00C04F79EFBC}") = "gloSettings", "..\..\gloCommon\gloSettings\gloSettings.csproj", "{52DDAD83-38A4-4130-9D1E-B2F8CAE8DD71}"
EndProject
Project("{FAE04EC0-301F-11D3-BF4B-00C04F79EFBC}") = "gloGlobal", "..\..\gloCommon\gloGlobal\gloGlobal.csproj", "{1418D0CB-0BAA-4777-90F8-9BB0E4BB9372}"
EndProject
Project("{FAE04EC0-301F-11D3-BF4B-00C04F79EFBC}") = "gloSecurity", "..\..\gloCommon\gloSecurity\gloSecurity.csproj", "{7BFA9168-E479-4217-B7BB-A9440D38CDFB}"
EndProject
Project("{FAE04EC0-301F-11D3-BF4B-00C04F79EFBC}") = "gloUserRights", "..\..\gloCommon\gloUserRights\gloUserRights.csproj", "{9487621F-F5AF-473F-A6FD-794890C10B39}"
EndProject
Project("{F184B08F-C81C-45F6-A57F-5ABD9991F28F}") = "gloPatientPortalCommon", "..\..\gloCommon\gloPatientPortalCommon\gloPatientPortalCommon\gloPatientPortalCommon.vbproj", "{E13714AA-CE10-4A69-85A0-3EAF21227265}"
EndProject
Project("{F184B08F-C81C-45F6-A57F-5ABD9991F28F}") = "gloWord", "..\..\gloCommon\gloWord\gloWord.vbproj", "{DF7A4D19-B508-499E-BF16-347DA844D1D3}"
EndProject
Project("{FAE04EC0-301F-11D3-BF4B-00C04F79EFBC}") = "gloGeneralNode", "..\..\gloCommon\gloGeneralNode\gloGeneralNode.csproj", "{16E2F827-0ADC-4430-A466-93B96055E227}"
EndProject
Project("{FAE04EC0-301F-11D3-BF4B-00C04F79EFBC}") = "gloPDFWriter", "..\..\gloCommon\gloPDFWriter\gloPDFWriter\gloPDFWriter.csproj", "{CD0DADE3-A9C7-42E8-BFE6-EA56CCDEF846}"
EndProject
Project("{F184B08F-C81C-45F6-A57F-5ABD9991F28F}") = "gloInstallerCommandParametrs", "..\InstallerCommandParametrs\gloInstallerCommandParametrs.vbproj", "{48F80F05-8969-45BE-A22D-474B72C7FBB3}"
EndProject
Project("{FAE04EC0-301F-11D3-BF4B-00C04F79EFBC}") = "gloPrintDialog", "..\..\gloCommon\gloPrintDialog\gloPrintDialog.csproj", "{8DD0457B-4AF0-4CB3-A7BB-35DAC5665C50}"
EndProject
Project("{FAE04EC0-301F-11D3-BF4B-00C04F79EFBC}") = "gloClinicalQueueGeneral", "..\..\gloCommon\gloClinicalQueueGeneral\gloClinicalQueueGeneral\gloClinicalQueueGeneral.csproj", "{F4774319-666F-44A3-8178-7E719ECDEF56}"
EndProject
Project("{FAE04EC0-301F-11D3-BF4B-00C04F79EFBC}") = "gloAddress", "..\..\gloCommon\gloAddressControl\gloAddress.csproj", "{CC12AABD-F887-4EE6-9AC2-55F3706F5F58}"
EndProject
Project("{FAE04EC0-301F-11D3-BF4B-00C04F79EFBC}") = "gloMaskBox", "..\..\gloCommon\gloMaskBox\gloMaskBox.csproj", "{78959415-5FC9-4092-BE9F-A5380FB100DF}"
EndProject
Global
	GlobalSection(TeamFoundationVersionControl) = preSolution
		SccNumberOfProjects = 26
		SccEnterpriseProvider = {4CA58AB2-18FA-4F8D-95D4-32DDF27D184C}
		SccTeamFoundationServer = http://glosvr03.glodom.local:8080/tfs/defaultcollection
		SccLocalPath0 = .
		SccProjectUniqueName1 = ..\\..\\gloCommon\\gloSureScript\\gloSureScript.vbproj
		SccProjectName1 = ../../gloCommon/gloSureScript
		SccLocalPath1 = ..\\..\\gloCommon\\gloSureScript
		SccProjectUniqueName2 = ..\\..\\gloCommon\\gloAuditTrail\\gloAuditTrail.csproj
		SccProjectName2 = ../../gloCommon/gloAuditTrail
		SccLocalPath2 = ..\\..\\gloCommon\\gloAuditTrail
		SccProjectUniqueName3 = ..\\..\\gloCommon\\gloDatabaseLayer\\gloDatabaseLayer.csproj
		SccProjectName3 = ../../gloCommon/gloDatabaseLayer
		SccLocalPath3 = ..\\..\\gloCommon\\gloDatabaseLayer
		SccProjectUniqueName4 = ..\\..\\gloCommon\\gloDateMaster\\gloDateMaster.csproj
		SccProjectName4 = ../../gloCommon/gloDateMaster
		SccLocalPath4 = ..\\..\\gloCommon\\gloDateMaster
		SccProjectUniqueName5 = ..\\..\\gloCommon\\gloGeneralItem\\gloGeneralItem.csproj
		SccProjectName5 = ../../gloCommon/gloGeneralItem
		SccLocalPath5 = ..\\..\\gloCommon\\gloGeneralItem
		SccProjectUniqueName6 = ..\\..\\gloCommon\\gloRxHub\\gloRxHub.csproj
		SccProjectName6 = ../../gloCommon/gloRxHub
		SccLocalPath6 = ..\\..\\gloCommon\\gloRxHub
		SccProjectUniqueName7 = ..\\..\\gloCommon\\gloEMRGeneralLibrary\\gloEMRGeneralLibrary.vbproj
		SccProjectName7 = ../../gloCommon/gloEMRGeneralLibrary
		SccLocalPath7 = ..\\..\\gloCommon\\gloEMRGeneralLibrary
		SccProjectUniqueName8 = RxSniffer\\RxSniffer.vbproj
		SccProjectName8 = RxSniffer
		SccLocalPath8 = RxSniffer
		SccProjectUniqueName9 = UnZip\\UnZipFile.csproj
		SccProjectName9 = UnZip
		SccLocalPath9 = UnZip
		SccProjectUniqueName10 = RxSniffer\u0020Setup\\RxSniffer\u0020Setup.vdproj
		SccProjectName10 = RxSniffer\u0020Setup
		SccLocalPath10 = RxSniffer\u0020Setup
		SccProjectUniqueName11 = ..\\..\\gloCommon\\gloEAR\\gloEAR.vbproj
		SccProjectName11 = ../../gloCommon/gloEAR
		SccLocalPath11 = ..\\..\\gloCommon\\gloEAR
		SccProjectUniqueName12 = gloVault\\gloVault.csproj
		SccProjectName12 = gloVault
		SccLocalPath12 = gloVault
		SccProjectUniqueName13 = ..\\..\\gloCommon\\gloSettings\\gloSettings.csproj
		SccProjectName13 = ../../gloCommon/gloSettings
		SccLocalPath13 = ..\\..\\gloCommon\\gloSettings
		SccProjectUniqueName14 = ..\\..\\gloCommon\\gloGlobal\\gloGlobal.csproj
		SccProjectName14 = ../../gloCommon/gloGlobal
		SccLocalPath14 = ..\\..\\gloCommon\\gloGlobal
		SccProjectUniqueName15 = ..\\..\\gloCommon\\gloSecurity\\gloSecurity.csproj
		SccProjectName15 = ../../gloCommon/gloSecurity
		SccLocalPath15 = ..\\..\\gloCommon\\gloSecurity
		SccProjectUniqueName16 = ..\\..\\gloCommon\\gloUserRights\\gloUserRights.csproj
		SccProjectName16 = ../../gloCommon/gloUserRights
		SccLocalPath16 = ..\\..\\gloCommon\\gloUserRights
		SccProjectUniqueName17 = ..\\..\\gloCommon\\gloPatientPortalCommon\\gloPatientPortalCommon\\gloPatientPortalCommon.vbproj
		SccProjectName17 = ../../gloCommon/gloPatientPortalCommon/gloPatientPortalCommon
		SccLocalPath17 = ..\\..\\gloCommon\\gloPatientPortalCommon\\gloPatientPortalCommon
		SccProjectUniqueName18 = ..\\..\\gloCommon\\gloWord\\gloWord.vbproj
		SccProjectName18 = ../../gloCommon/gloWord
		SccLocalPath18 = ..\\..\\gloCommon\\gloWord
		SccProjectUniqueName19 = ..\\..\\gloCommon\\gloGeneralNode\\gloGeneralNode.csproj
		SccProjectName19 = ../../gloCommon/gloGeneralNode
		SccLocalPath19 = ..\\..\\gloCommon\\gloGeneralNode
		SccProjectUniqueName20 = ..\\..\\gloCommon\\gloPDFWriter\\gloPDFWriter\\gloPDFWriter.csproj
		SccProjectName20 = ../../gloCommon/gloPDFWriter/gloPDFWriter
		SccLocalPath20 = ..\\..\\gloCommon\\gloPDFWriter\\gloPDFWriter
		SccProjectUniqueName21 = ..\\InstallerCommandParametrs\\gloInstallerCommandParametrs.vbproj
		SccProjectName21 = ../InstallerCommandParametrs
		SccLocalPath21 = ..\\InstallerCommandParametrs
		SccProjectUniqueName22 = ..\\..\\gloCommon\\gloPrintDialog\\gloPrintDialog.csproj
		SccProjectName22 = ../../gloCommon/gloPrintDialog
		SccLocalPath22 = ..\\..\\gloCommon\\gloPrintDialog
		SccProjectUniqueName23 = ..\\..\\gloCommon\\gloClinicalQueueGeneral\\gloClinicalQueueGeneral\\gloClinicalQueueGeneral.csproj
		SccProjectName23 = ../../gloCommon/gloClinicalQueueGeneral/gloClinicalQueueGeneral
		SccLocalPath23 = ..\\..\\gloCommon\\gloClinicalQueueGeneral\\gloClinicalQueueGeneral
		SccProjectUniqueName24 = ..\\..\\gloCommon\\gloAddressControl\\gloAddress.csproj
		SccProjectName24 = ../../gloCommon/gloAddressControl
		SccLocalPath24 = ..\\..\\gloCommon\\gloAddressControl
		SccProjectUniqueName25 = ..\\..\\gloCommon\\gloMaskBox\\gloMaskBox.csproj
		SccProjectName25 = ../../gloCommon/gloMaskBox
		SccLocalPath25 = ..\\..\\gloCommon\\gloMaskBox
	EndGlobalSection
	GlobalSection(SolutionConfigurationPlatforms) = preSolution
		Debug|Any CPU = Debug|Any CPU
		Debug|Itanium = Debug|Itanium
		Debug|x86 = Debug|x86
		Release|Any CPU = Release|Any CPU
		Release|Itanium = Release|Itanium
		Release|x86 = Release|x86
	EndGlobalSection
	GlobalSection(ProjectConfigurationPlatforms) = postSolution
		{86F93709-CC70-4A2E-9717-09891B88F5C1}.Debug|Any CPU.ActiveCfg = Debug|Any CPU
		{86F93709-CC70-4A2E-9717-09891B88F5C1}.Debug|Any CPU.Build.0 = Debug|Any CPU
		{86F93709-CC70-4A2E-9717-09891B88F5C1}.Debug|Itanium.ActiveCfg = Debug|x86
		{86F93709-CC70-4A2E-9717-09891B88F5C1}.Debug|x86.ActiveCfg = Debug|x86
		{86F93709-CC70-4A2E-9717-09891B88F5C1}.Debug|x86.Build.0 = Debug|x86
		{86F93709-CC70-4A2E-9717-09891B88F5C1}.Release|Any CPU.ActiveCfg = Release|Any CPU
		{86F93709-CC70-4A2E-9717-09891B88F5C1}.Release|Any CPU.Build.0 = Release|Any CPU
		{86F93709-CC70-4A2E-9717-09891B88F5C1}.Release|Itanium.ActiveCfg = Release|x86
		{86F93709-CC70-4A2E-9717-09891B88F5C1}.Release|x86.ActiveCfg = Release|x86
		{86F93709-CC70-4A2E-9717-09891B88F5C1}.Release|x86.Build.0 = Release|x86
		{221A48C7-BF0D-4A67-8721-32083907B388}.Debug|Any CPU.ActiveCfg = Debug|Any CPU
		{221A48C7-BF0D-4A67-8721-32083907B388}.Debug|Any CPU.Build.0 = Debug|Any CPU
		{221A48C7-BF0D-4A67-8721-32083907B388}.Debug|Itanium.ActiveCfg = Debug|x86
		{221A48C7-BF0D-4A67-8721-32083907B388}.Debug|x86.ActiveCfg = Debug|x86
		{221A48C7-BF0D-4A67-8721-32083907B388}.Debug|x86.Build.0 = Debug|x86
		{221A48C7-BF0D-4A67-8721-32083907B388}.Release|Any CPU.ActiveCfg = Release|Any CPU
		{221A48C7-BF0D-4A67-8721-32083907B388}.Release|Any CPU.Build.0 = Release|Any CPU
		{221A48C7-BF0D-4A67-8721-32083907B388}.Release|Itanium.ActiveCfg = Release|x86
		{221A48C7-BF0D-4A67-8721-32083907B388}.Release|x86.ActiveCfg = Release|x86
		{221A48C7-BF0D-4A67-8721-32083907B388}.Release|x86.Build.0 = Release|x86
		{C348E6A1-BA69-4B32-9C36-1966F60B6082}.Debug|Any CPU.ActiveCfg = Debug
		{C348E6A1-BA69-4B32-9C36-1966F60B6082}.Debug|Any CPU.Build.0 = Debug
		{C348E6A1-BA69-4B32-9C36-1966F60B6082}.Debug|Itanium.ActiveCfg = Debug
		{C348E6A1-BA69-4B32-9C36-1966F60B6082}.Debug|Itanium.Build.0 = Debug
		{C348E6A1-BA69-4B32-9C36-1966F60B6082}.Debug|x86.ActiveCfg = Debug
		{C348E6A1-BA69-4B32-9C36-1966F60B6082}.Debug|x86.Build.0 = Debug
		{C348E6A1-BA69-4B32-9C36-1966F60B6082}.Release|Any CPU.ActiveCfg = Release
		{C348E6A1-BA69-4B32-9C36-1966F60B6082}.Release|Any CPU.Build.0 = Release
		{C348E6A1-BA69-4B32-9C36-1966F60B6082}.Release|Itanium.ActiveCfg = Release
		{C348E6A1-BA69-4B32-9C36-1966F60B6082}.Release|Itanium.Build.0 = Release
		{C348E6A1-BA69-4B32-9C36-1966F60B6082}.Release|x86.ActiveCfg = Release
		{C348E6A1-BA69-4B32-9C36-1966F60B6082}.Release|x86.Build.0 = Release
		{D30C09DC-7C58-465F-91BE-FAB082655926}.Debug|Any CPU.ActiveCfg = Debug|Any CPU
		{D30C09DC-7C58-465F-91BE-FAB082655926}.Debug|Any CPU.Build.0 = Debug|Any CPU
		{D30C09DC-7C58-465F-91BE-FAB082655926}.Debug|Itanium.ActiveCfg = Debug|x86
		{D30C09DC-7C58-465F-91BE-FAB082655926}.Debug|x86.ActiveCfg = Debug|x86
		{D30C09DC-7C58-465F-91BE-FAB082655926}.Debug|x86.Build.0 = Debug|x86
		{D30C09DC-7C58-465F-91BE-FAB082655926}.Release|Any CPU.ActiveCfg = Release|Any CPU
		{D30C09DC-7C58-465F-91BE-FAB082655926}.Release|Any CPU.Build.0 = Release|Any CPU
		{D30C09DC-7C58-465F-91BE-FAB082655926}.Release|Itanium.ActiveCfg = Release|x86
		{D30C09DC-7C58-465F-91BE-FAB082655926}.Release|x86.ActiveCfg = Release|x86
		{D30C09DC-7C58-465F-91BE-FAB082655926}.Release|x86.Build.0 = Release|x86
		{3F4FA298-6C2B-4635-94A0-B0FB20F9AAAF}.Debug|Any CPU.ActiveCfg = Debug|Any CPU
		{3F4FA298-6C2B-4635-94A0-B0FB20F9AAAF}.Debug|Any CPU.Build.0 = Debug|Any CPU
		{3F4FA298-6C2B-4635-94A0-B0FB20F9AAAF}.Debug|Itanium.ActiveCfg = Debug|x86
		{3F4FA298-6C2B-4635-94A0-B0FB20F9AAAF}.Debug|x86.ActiveCfg = Debug|x86
		{3F4FA298-6C2B-4635-94A0-B0FB20F9AAAF}.Debug|x86.Build.0 = Debug|x86
		{3F4FA298-6C2B-4635-94A0-B0FB20F9AAAF}.Release|Any CPU.ActiveCfg = Release|Any CPU
		{3F4FA298-6C2B-4635-94A0-B0FB20F9AAAF}.Release|Any CPU.Build.0 = Release|Any CPU
		{3F4FA298-6C2B-4635-94A0-B0FB20F9AAAF}.Release|Itanium.ActiveCfg = Release|x86
		{3F4FA298-6C2B-4635-94A0-B0FB20F9AAAF}.Release|x86.ActiveCfg = Release|x86
		{3F4FA298-6C2B-4635-94A0-B0FB20F9AAAF}.Release|x86.Build.0 = Release|x86
		{6D67B632-66D0-4EDC-9943-B6488A6098D3}.Debug|Any CPU.ActiveCfg = Debug|Any CPU
		{6D67B632-66D0-4EDC-9943-B6488A6098D3}.Debug|Any CPU.Build.0 = Debug|Any CPU
		{6D67B632-66D0-4EDC-9943-B6488A6098D3}.Debug|Itanium.ActiveCfg = Debug|x86
		{6D67B632-66D0-4EDC-9943-B6488A6098D3}.Debug|x86.ActiveCfg = Debug|x86
		{6D67B632-66D0-4EDC-9943-B6488A6098D3}.Debug|x86.Build.0 = Debug|x86
		{6D67B632-66D0-4EDC-9943-B6488A6098D3}.Release|Any CPU.ActiveCfg = Release|Any CPU
		{6D67B632-66D0-4EDC-9943-B6488A6098D3}.Release|Any CPU.Build.0 = Release|Any CPU
		{6D67B632-66D0-4EDC-9943-B6488A6098D3}.Release|Itanium.ActiveCfg = Release|x86
		{6D67B632-66D0-4EDC-9943-B6488A6098D3}.Release|x86.ActiveCfg = Release|x86
		{6D67B632-66D0-4EDC-9943-B6488A6098D3}.Release|x86.Build.0 = Release|x86
		{ECD171D2-F407-41D5-AC83-C4F6A692EAF2}.Debug|Any CPU.ActiveCfg = Debug|Any CPU
		{ECD171D2-F407-41D5-AC83-C4F6A692EAF2}.Debug|Any CPU.Build.0 = Debug|Any CPU
		{ECD171D2-F407-41D5-AC83-C4F6A692EAF2}.Debug|Itanium.ActiveCfg = Debug|x86
		{ECD171D2-F407-41D5-AC83-C4F6A692EAF2}.Debug|x86.ActiveCfg = Debug|x86
		{ECD171D2-F407-41D5-AC83-C4F6A692EAF2}.Debug|x86.Build.0 = Debug|x86
		{ECD171D2-F407-41D5-AC83-C4F6A692EAF2}.Release|Any CPU.ActiveCfg = Release|Any CPU
		{ECD171D2-F407-41D5-AC83-C4F6A692EAF2}.Release|Any CPU.Build.0 = Release|Any CPU
		{ECD171D2-F407-41D5-AC83-C4F6A692EAF2}.Release|Itanium.ActiveCfg = Release|x86
		{ECD171D2-F407-41D5-AC83-C4F6A692EAF2}.Release|x86.ActiveCfg = Release|x86
		{ECD171D2-F407-41D5-AC83-C4F6A692EAF2}.Release|x86.Build.0 = Release|x86
		{076D1B63-0D5C-4F76-B30B-C94023290017}.Debug|Any CPU.ActiveCfg = Debug|Any CPU
		{076D1B63-0D5C-4F76-B30B-C94023290017}.Debug|Any CPU.Build.0 = Debug|Any CPU
		{076D1B63-0D5C-4F76-B30B-C94023290017}.Debug|Itanium.ActiveCfg = Debug|x86
		{076D1B63-0D5C-4F76-B30B-C94023290017}.Debug|x86.ActiveCfg = Debug|x86
		{076D1B63-0D5C-4F76-B30B-C94023290017}.Debug|x86.Build.0 = Debug|x86
		{076D1B63-0D5C-4F76-B30B-C94023290017}.Release|Any CPU.ActiveCfg = Release|Any CPU
		{076D1B63-0D5C-4F76-B30B-C94023290017}.Release|Any CPU.Build.0 = Release|Any CPU
		{076D1B63-0D5C-4F76-B30B-C94023290017}.Release|Itanium.ActiveCfg = Release|x86
		{076D1B63-0D5C-4F76-B30B-C94023290017}.Release|x86.ActiveCfg = Release|x86
		{076D1B63-0D5C-4F76-B30B-C94023290017}.Release|x86.Build.0 = Release|x86
		{5192BCFC-17BC-4298-81C9-CEB9CDE99497}.Debug|Any CPU.ActiveCfg = Debug|Any CPU
		{5192BCFC-17BC-4298-81C9-CEB9CDE99497}.Debug|Any CPU.Build.0 = Debug|Any CPU
		{5192BCFC-17BC-4298-81C9-CEB9CDE99497}.Debug|Itanium.ActiveCfg = Debug|x86
		{5192BCFC-17BC-4298-81C9-CEB9CDE99497}.Debug|x86.ActiveCfg = Debug|x86
		{5192BCFC-17BC-4298-81C9-CEB9CDE99497}.Debug|x86.Build.0 = Debug|x86
		{5192BCFC-17BC-4298-81C9-CEB9CDE99497}.Release|Any CPU.ActiveCfg = Release|Any CPU
		{5192BCFC-17BC-4298-81C9-CEB9CDE99497}.Release|Any CPU.Build.0 = Release|Any CPU
		{5192BCFC-17BC-4298-81C9-CEB9CDE99497}.Release|Itanium.ActiveCfg = Release|x86
		{5192BCFC-17BC-4298-81C9-CEB9CDE99497}.Release|x86.ActiveCfg = Release|x86
		{5192BCFC-17BC-4298-81C9-CEB9CDE99497}.Release|x86.Build.0 = Release|x86
		{5FBFDF65-FEFB-4CAA-A2D1-1053998BF448}.Debug|Any CPU.ActiveCfg = Debug|Any CPU
		{5FBFDF65-FEFB-4CAA-A2D1-1053998BF448}.Debug|Any CPU.Build.0 = Debug|Any CPU
		{5FBFDF65-FEFB-4CAA-A2D1-1053998BF448}.Debug|Itanium.ActiveCfg = Debug|x86
		{5FBFDF65-FEFB-4CAA-A2D1-1053998BF448}.Debug|x86.ActiveCfg = Debug|x86
		{5FBFDF65-FEFB-4CAA-A2D1-1053998BF448}.Debug|x86.Build.0 = Debug|x86
		{5FBFDF65-FEFB-4CAA-A2D1-1053998BF448}.Release|Any CPU.ActiveCfg = Release|Any CPU
		{5FBFDF65-FEFB-4CAA-A2D1-1053998BF448}.Release|Any CPU.Build.0 = Release|Any CPU
		{5FBFDF65-FEFB-4CAA-A2D1-1053998BF448}.Release|Itanium.ActiveCfg = Release|x86
		{5FBFDF65-FEFB-4CAA-A2D1-1053998BF448}.Release|x86.ActiveCfg = Release|x86
		{5FBFDF65-FEFB-4CAA-A2D1-1053998BF448}.Release|x86.Build.0 = Release|x86
		{39D920BB-D15F-41CC-864B-B9786E8130CB}.Debug|Any CPU.ActiveCfg = Debug|Any CPU
		{39D920BB-D15F-41CC-864B-B9786E8130CB}.Debug|Any CPU.Build.0 = Debug|Any CPU
		{39D920BB-D15F-41CC-864B-B9786E8130CB}.Debug|Itanium.ActiveCfg = Debug|x86
		{39D920BB-D15F-41CC-864B-B9786E8130CB}.Debug|x86.ActiveCfg = Debug|x86
		{39D920BB-D15F-41CC-864B-B9786E8130CB}.Debug|x86.Build.0 = Debug|x86
		{39D920BB-D15F-41CC-864B-B9786E8130CB}.Release|Any CPU.ActiveCfg = Release|Any CPU
		{39D920BB-D15F-41CC-864B-B9786E8130CB}.Release|Any CPU.Build.0 = Release|Any CPU
		{39D920BB-D15F-41CC-864B-B9786E8130CB}.Release|Itanium.ActiveCfg = Release|x86
		{39D920BB-D15F-41CC-864B-B9786E8130CB}.Release|x86.ActiveCfg = Release|x86
		{39D920BB-D15F-41CC-864B-B9786E8130CB}.Release|x86.Build.0 = Release|x86
		{EC63592F-F625-4673-A046-9C7D44E84D6B}.Debug|Any CPU.ActiveCfg = Debug|Any CPU
		{EC63592F-F625-4673-A046-9C7D44E84D6B}.Debug|Any CPU.Build.0 = Debug|Any CPU
		{EC63592F-F625-4673-A046-9C7D44E84D6B}.Debug|Itanium.ActiveCfg = Debug|x86
		{EC63592F-F625-4673-A046-9C7D44E84D6B}.Debug|x86.ActiveCfg = Debug|x86
		{EC63592F-F625-4673-A046-9C7D44E84D6B}.Debug|x86.Build.0 = Debug|x86
		{EC63592F-F625-4673-A046-9C7D44E84D6B}.Release|Any CPU.ActiveCfg = Release|Any CPU
		{EC63592F-F625-4673-A046-9C7D44E84D6B}.Release|Any CPU.Build.0 = Release|Any CPU
		{EC63592F-F625-4673-A046-9C7D44E84D6B}.Release|Itanium.ActiveCfg = Release|x86
		{EC63592F-F625-4673-A046-9C7D44E84D6B}.Release|x86.ActiveCfg = Release|x86
		{EC63592F-F625-4673-A046-9C7D44E84D6B}.Release|x86.Build.0 = Release|x86
		{52DDAD83-38A4-4130-9D1E-B2F8CAE8DD71}.Debug|Any CPU.ActiveCfg = Debug|Any CPU
		{52DDAD83-38A4-4130-9D1E-B2F8CAE8DD71}.Debug|Any CPU.Build.0 = Debug|Any CPU
		{52DDAD83-38A4-4130-9D1E-B2F8CAE8DD71}.Debug|Itanium.ActiveCfg = Debug|x86
		{52DDAD83-38A4-4130-9D1E-B2F8CAE8DD71}.Debug|x86.ActiveCfg = Debug|x86
		{52DDAD83-38A4-4130-9D1E-B2F8CAE8DD71}.Debug|x86.Build.0 = Debug|x86
		{52DDAD83-38A4-4130-9D1E-B2F8CAE8DD71}.Release|Any CPU.ActiveCfg = Release|Any CPU
		{52DDAD83-38A4-4130-9D1E-B2F8CAE8DD71}.Release|Any CPU.Build.0 = Release|Any CPU
		{52DDAD83-38A4-4130-9D1E-B2F8CAE8DD71}.Release|Itanium.ActiveCfg = Release|x86
		{52DDAD83-38A4-4130-9D1E-B2F8CAE8DD71}.Release|x86.ActiveCfg = Release|x86
		{52DDAD83-38A4-4130-9D1E-B2F8CAE8DD71}.Release|x86.Build.0 = Release|x86
		{1418D0CB-0BAA-4777-90F8-9BB0E4BB9372}.Debug|Any CPU.ActiveCfg = Debug|Any CPU
		{1418D0CB-0BAA-4777-90F8-9BB0E4BB9372}.Debug|Any CPU.Build.0 = Debug|Any CPU
		{1418D0CB-0BAA-4777-90F8-9BB0E4BB9372}.Debug|Itanium.ActiveCfg = Debug|x86
		{1418D0CB-0BAA-4777-90F8-9BB0E4BB9372}.Debug|x86.ActiveCfg = Debug|x86
		{1418D0CB-0BAA-4777-90F8-9BB0E4BB9372}.Debug|x86.Build.0 = Debug|x86
		{1418D0CB-0BAA-4777-90F8-9BB0E4BB9372}.Release|Any CPU.ActiveCfg = Release|Any CPU
		{1418D0CB-0BAA-4777-90F8-9BB0E4BB9372}.Release|Any CPU.Build.0 = Release|Any CPU
		{1418D0CB-0BAA-4777-90F8-9BB0E4BB9372}.Release|Itanium.ActiveCfg = Release|x86
		{1418D0CB-0BAA-4777-90F8-9BB0E4BB9372}.Release|x86.ActiveCfg = Release|x86
		{1418D0CB-0BAA-4777-90F8-9BB0E4BB9372}.Release|x86.Build.0 = Release|x86
		{7BFA9168-E479-4217-B7BB-A9440D38CDFB}.Debug|Any CPU.ActiveCfg = Debug|Any CPU
		{7BFA9168-E479-4217-B7BB-A9440D38CDFB}.Debug|Any CPU.Build.0 = Debug|Any CPU
		{7BFA9168-E479-4217-B7BB-A9440D38CDFB}.Debug|Itanium.ActiveCfg = Debug|x86
		{7BFA9168-E479-4217-B7BB-A9440D38CDFB}.Debug|x86.ActiveCfg = Debug|x86
		{7BFA9168-E479-4217-B7BB-A9440D38CDFB}.Debug|x86.Build.0 = Debug|x86
		{7BFA9168-E479-4217-B7BB-A9440D38CDFB}.Release|Any CPU.ActiveCfg = Release|Any CPU
		{7BFA9168-E479-4217-B7BB-A9440D38CDFB}.Release|Any CPU.Build.0 = Release|Any CPU
		{7BFA9168-E479-4217-B7BB-A9440D38CDFB}.Release|Itanium.ActiveCfg = Release|x86
		{7BFA9168-E479-4217-B7BB-A9440D38CDFB}.Release|x86.ActiveCfg = Release|x86
		{7BFA9168-E479-4217-B7BB-A9440D38CDFB}.Release|x86.Build.0 = Release|x86
		{9487621F-F5AF-473F-A6FD-794890C10B39}.Debug|Any CPU.ActiveCfg = Debug|Any CPU
		{9487621F-F5AF-473F-A6FD-794890C10B39}.Debug|Any CPU.Build.0 = Debug|Any CPU
		{9487621F-F5AF-473F-A6FD-794890C10B39}.Debug|Itanium.ActiveCfg = Debug|x86
		{9487621F-F5AF-473F-A6FD-794890C10B39}.Debug|x86.ActiveCfg = Debug|x86
		{9487621F-F5AF-473F-A6FD-794890C10B39}.Debug|x86.Build.0 = Debug|x86
		{9487621F-F5AF-473F-A6FD-794890C10B39}.Release|Any CPU.ActiveCfg = Release|Any CPU
		{9487621F-F5AF-473F-A6FD-794890C10B39}.Release|Any CPU.Build.0 = Release|Any CPU
		{9487621F-F5AF-473F-A6FD-794890C10B39}.Release|Itanium.ActiveCfg = Release|x86
		{9487621F-F5AF-473F-A6FD-794890C10B39}.Release|x86.ActiveCfg = Release|x86
		{9487621F-F5AF-473F-A6FD-794890C10B39}.Release|x86.Build.0 = Release|x86
		{E13714AA-CE10-4A69-85A0-3EAF21227265}.Debug|Any CPU.ActiveCfg = Debug|Any CPU
		{E13714AA-CE10-4A69-85A0-3EAF21227265}.Debug|Any CPU.Build.0 = Debug|Any CPU
		{E13714AA-CE10-4A69-85A0-3EAF21227265}.Debug|Itanium.ActiveCfg = Debug|x86
		{E13714AA-CE10-4A69-85A0-3EAF21227265}.Debug|x86.ActiveCfg = Debug|x86
		{E13714AA-CE10-4A69-85A0-3EAF21227265}.Debug|x86.Build.0 = Debug|x86
		{E13714AA-CE10-4A69-85A0-3EAF21227265}.Release|Any CPU.ActiveCfg = Release|Any CPU
		{E13714AA-CE10-4A69-85A0-3EAF21227265}.Release|Any CPU.Build.0 = Release|Any CPU
		{E13714AA-CE10-4A69-85A0-3EAF21227265}.Release|Itanium.ActiveCfg = Release|x86
		{E13714AA-CE10-4A69-85A0-3EAF21227265}.Release|x86.ActiveCfg = Release|x86
		{E13714AA-CE10-4A69-85A0-3EAF21227265}.Release|x86.Build.0 = Release|x86
		{DF7A4D19-B508-499E-BF16-347DA844D1D3}.Debug|Any CPU.ActiveCfg = Debug|Any CPU
		{DF7A4D19-B508-499E-BF16-347DA844D1D3}.Debug|Any CPU.Build.0 = Debug|Any CPU
		{DF7A4D19-B508-499E-BF16-347DA844D1D3}.Debug|Itanium.ActiveCfg = Debug|x86
		{DF7A4D19-B508-499E-BF16-347DA844D1D3}.Debug|x86.ActiveCfg = Debug|x86
		{DF7A4D19-B508-499E-BF16-347DA844D1D3}.Debug|x86.Build.0 = Debug|x86
		{DF7A4D19-B508-499E-BF16-347DA844D1D3}.Release|Any CPU.ActiveCfg = Release|Any CPU
		{DF7A4D19-B508-499E-BF16-347DA844D1D3}.Release|Any CPU.Build.0 = Release|Any CPU
		{DF7A4D19-B508-499E-BF16-347DA844D1D3}.Release|Itanium.ActiveCfg = Release|x86
		{DF7A4D19-B508-499E-BF16-347DA844D1D3}.Release|x86.ActiveCfg = Release|x86
		{DF7A4D19-B508-499E-BF16-347DA844D1D3}.Release|x86.Build.0 = Release|x86
		{16E2F827-0ADC-4430-A466-93B96055E227}.Debug|Any CPU.ActiveCfg = Debug|Any CPU
		{16E2F827-0ADC-4430-A466-93B96055E227}.Debug|Any CPU.Build.0 = Debug|Any CPU
		{16E2F827-0ADC-4430-A466-93B96055E227}.Debug|Itanium.ActiveCfg = Debug|x86
		{16E2F827-0ADC-4430-A466-93B96055E227}.Debug|x86.ActiveCfg = Debug|x86
		{16E2F827-0ADC-4430-A466-93B96055E227}.Debug|x86.Build.0 = Debug|x86
		{16E2F827-0ADC-4430-A466-93B96055E227}.Release|Any CPU.ActiveCfg = Release|Any CPU
		{16E2F827-0ADC-4430-A466-93B96055E227}.Release|Any CPU.Build.0 = Release|Any CPU
		{16E2F827-0ADC-4430-A466-93B96055E227}.Release|Itanium.ActiveCfg = Release|x86
		{16E2F827-0ADC-4430-A466-93B96055E227}.Release|x86.ActiveCfg = Release|x86
		{16E2F827-0ADC-4430-A466-93B96055E227}.Release|x86.Build.0 = Release|x86
		{CD0DADE3-A9C7-42E8-BFE6-EA56CCDEF846}.Debug|Any CPU.ActiveCfg = Debug|Any CPU
		{CD0DADE3-A9C7-42E8-BFE6-EA56CCDEF846}.Debug|Any CPU.Build.0 = Debug|Any CPU
		{CD0DADE3-A9C7-42E8-BFE6-EA56CCDEF846}.Debug|Itanium.ActiveCfg = Debug|x86
		{CD0DADE3-A9C7-42E8-BFE6-EA56CCDEF846}.Debug|x86.ActiveCfg = Debug|x86
		{CD0DADE3-A9C7-42E8-BFE6-EA56CCDEF846}.Debug|x86.Build.0 = Debug|x86
		{CD0DADE3-A9C7-42E8-BFE6-EA56CCDEF846}.Release|Any CPU.ActiveCfg = Release|Any CPU
		{CD0DADE3-A9C7-42E8-BFE6-EA56CCDEF846}.Release|Any CPU.Build.0 = Release|Any CPU
		{CD0DADE3-A9C7-42E8-BFE6-EA56CCDEF846}.Release|Itanium.ActiveCfg = Release|x86
		{CD0DADE3-A9C7-42E8-BFE6-EA56CCDEF846}.Release|x86.ActiveCfg = Release|x86
		{CD0DADE3-A9C7-42E8-BFE6-EA56CCDEF846}.Release|x86.Build.0 = Release|x86
		{48F80F05-8969-45BE-A22D-474B72C7FBB3}.Debug|Any CPU.ActiveCfg = Debug|Any CPU
		{48F80F05-8969-45BE-A22D-474B72C7FBB3}.Debug|Any CPU.Build.0 = Debug|Any CPU
		{48F80F05-8969-45BE-A22D-474B72C7FBB3}.Debug|Itanium.ActiveCfg = Debug|x86
		{48F80F05-8969-45BE-A22D-474B72C7FBB3}.Debug|x86.ActiveCfg = Debug|x86
		{48F80F05-8969-45BE-A22D-474B72C7FBB3}.Debug|x86.Build.0 = Debug|x86
		{48F80F05-8969-45BE-A22D-474B72C7FBB3}.Release|Any CPU.ActiveCfg = Release|Any CPU
		{48F80F05-8969-45BE-A22D-474B72C7FBB3}.Release|Any CPU.Build.0 = Release|Any CPU
		{48F80F05-8969-45BE-A22D-474B72C7FBB3}.Release|Itanium.ActiveCfg = Release|x86
		{48F80F05-8969-45BE-A22D-474B72C7FBB3}.Release|x86.ActiveCfg = Release|x86
		{48F80F05-8969-45BE-A22D-474B72C7FBB3}.Release|x86.Build.0 = Release|x86
		{8DD0457B-4AF0-4CB3-A7BB-35DAC5665C50}.Debug|Any CPU.ActiveCfg = Debug|Any CPU
		{8DD0457B-4AF0-4CB3-A7BB-35DAC5665C50}.Debug|Any CPU.Build.0 = Debug|Any CPU
		{8DD0457B-4AF0-4CB3-A7BB-35DAC5665C50}.Debug|Itanium.ActiveCfg = Debug|x86
		{8DD0457B-4AF0-4CB3-A7BB-35DAC5665C50}.Debug|x86.ActiveCfg = Debug|x86
		{8DD0457B-4AF0-4CB3-A7BB-35DAC5665C50}.Debug|x86.Build.0 = Debug|x86
		{8DD0457B-4AF0-4CB3-A7BB-35DAC5665C50}.Release|Any CPU.ActiveCfg = Release|Any CPU
		{8DD0457B-4AF0-4CB3-A7BB-35DAC5665C50}.Release|Any CPU.Build.0 = Release|Any CPU
		{8DD0457B-4AF0-4CB3-A7BB-35DAC5665C50}.Release|Itanium.ActiveCfg = Release|x86
		{8DD0457B-4AF0-4CB3-A7BB-35DAC5665C50}.Release|x86.ActiveCfg = Release|x86
		{8DD0457B-4AF0-4CB3-A7BB-35DAC5665C50}.Release|x86.Build.0 = Release|x86
		{F4774319-666F-44A3-8178-7E719ECDEF56}.Debug|Any CPU.ActiveCfg = Debug|Any CPU
		{F4774319-666F-44A3-8178-7E719ECDEF56}.Debug|Any CPU.Build.0 = Debug|Any CPU
		{F4774319-666F-44A3-8178-7E719ECDEF56}.Debug|Itanium.ActiveCfg = Debug|x86
		{F4774319-666F-44A3-8178-7E719ECDEF56}.Debug|x86.ActiveCfg = Debug|x86
		{F4774319-666F-44A3-8178-7E719ECDEF56}.Debug|x86.Build.0 = Debug|x86
		{F4774319-666F-44A3-8178-7E719ECDEF56}.Release|Any CPU.ActiveCfg = Release|Any CPU
		{F4774319-666F-44A3-8178-7E719ECDEF56}.Release|Any CPU.Build.0 = Release|Any CPU
		{F4774319-666F-44A3-8178-7E719ECDEF56}.Release|Itanium.ActiveCfg = Release|x86
		{F4774319-666F-44A3-8178-7E719ECDEF56}.Release|x86.ActiveCfg = Release|x86
		{F4774319-666F-44A3-8178-7E719ECDEF56}.Release|x86.Build.0 = Release|x86
		{CC12AABD-F887-4EE6-9AC2-55F3706F5F58}.Debug|Any CPU.ActiveCfg = Debug|Any CPU
		{CC12AABD-F887-4EE6-9AC2-55F3706F5F58}.Debug|Any CPU.Build.0 = Debug|Any CPU
		{CC12AABD-F887-4EE6-9AC2-55F3706F5F58}.Debug|Itanium.ActiveCfg = Debug|Itanium
		{CC12AABD-F887-4EE6-9AC2-55F3706F5F58}.Debug|Itanium.Build.0 = Debug|Itanium
		{CC12AABD-F887-4EE6-9AC2-55F3706F5F58}.Debug|x86.ActiveCfg = Debug|x86
		{CC12AABD-F887-4EE6-9AC2-55F3706F5F58}.Debug|x86.Build.0 = Debug|x86
		{CC12AABD-F887-4EE6-9AC2-55F3706F5F58}.Release|Any CPU.ActiveCfg = Release|Any CPU
		{CC12AABD-F887-4EE6-9AC2-55F3706F5F58}.Release|Any CPU.Build.0 = Release|Any CPU
		{CC12AABD-F887-4EE6-9AC2-55F3706F5F58}.Release|Itanium.ActiveCfg = Release|Itanium
		{CC12AABD-F887-4EE6-9AC2-55F3706F5F58}.Release|Itanium.Build.0 = Release|Itanium
		{CC12AABD-F887-4EE6-9AC2-55F3706F5F58}.Release|x86.ActiveCfg = Release|x86
		{CC12AABD-F887-4EE6-9AC2-55F3706F5F58}.Release|x86.Build.0 = Release|x86
		{78959415-5FC9-4092-BE9F-A5380FB100DF}.Debug|Any CPU.ActiveCfg = Debug|Any CPU
		{78959415-5FC9-4092-BE9F-A5380FB100DF}.Debug|Any CPU.Build.0 = Debug|Any CPU
		{78959415-5FC9-4092-BE9F-A5380FB100DF}.Debug|Itanium.ActiveCfg = Debug|x86
		{78959415-5FC9-4092-BE9F-A5380FB100DF}.Debug|x86.ActiveCfg = Debug|x86
		{78959415-5FC9-4092-BE9F-A5380FB100DF}.Debug|x86.Build.0 = Debug|x86
		{78959415-5FC9-4092-BE9F-A5380FB100DF}.Release|Any CPU.ActiveCfg = Release|Any CPU
		{78959415-5FC9-4092-BE9F-A5380FB100DF}.Release|Any CPU.Build.0 = Release|Any CPU
		{78959415-5FC9-4092-BE9F-A5380FB100DF}.Release|Itanium.ActiveCfg = Release|x86
		{78959415-5FC9-4092-BE9F-A5380FB100DF}.Release|x86.ActiveCfg = Release|x86
		{78959415-5FC9-4092-BE9F-A5380FB100DF}.Release|x86.Build.0 = Release|x86
	EndGlobalSection
	GlobalSection(SolutionProperties) = preSolution
		HideSolutionNode = FALSE
	EndGlobalSection
EndGlobal
