
Microsoft Visual Studio Solution File, Format Version 11.00
# Visual Studio 2010
Project("{F184B08F-C81C-45F6-A57F-5ABD9991F28F}") = "gloPMAdmin", "gloPMAdmin\gloPMAdmin.vbproj", "{D4601138-47DB-42C7-AF2B-DA050DDFB3D0}"
EndProject
Project("{FAE04EC0-301F-11D3-BF4B-00C04F79EFBC}") = "gloAuditTrail", "..\gloCommon\gloAuditTrail\gloAuditTrail.csproj", "{3F4FA298-6C2B-4635-94A0-B0FB20F9AAAF}"
EndProject
Project("{FAE04EC0-301F-11D3-BF4B-00C04F79EFBC}") = "gloDatabaseLayer", "..\gloCommon\gloDatabaseLayer\gloDatabaseLayer.csproj", "{6D67B632-66D0-4EDC-9943-B6488A6098D3}"
EndProject
Project("{FAE04EC0-301F-11D3-BF4B-00C04F79EFBC}") = "gloGeneralItem", "..\gloCommon\gloGeneralItem\gloGeneralItem.csproj", "{076D1B63-0D5C-4F76-B30B-C94023290017}"
EndProject
Project("{FAE04EC0-301F-11D3-BF4B-00C04F79EFBC}") = "gloListControl", "..\gloCommon\gloListControl\gloListControl.csproj", "{D2305C23-DA6B-462A-8BDB-6EF267E507A6}"
EndProject
Project("{FAE04EC0-301F-11D3-BF4B-00C04F79EFBC}") = "gloMaskBox", "..\gloCommon\gloMaskBox\gloMaskBox.csproj", "{78959415-5FC9-4092-BE9F-A5380FB100DF}"
EndProject
Project("{FAE04EC0-301F-11D3-BF4B-00C04F79EFBC}") = "gloSettings", "..\gloCommon\gloSettings\gloSettings.csproj", "{52DDAD83-38A4-4130-9D1E-B2F8CAE8DD71}"
EndProject
Project("{FAE04EC0-301F-11D3-BF4B-00C04F79EFBC}") = "gloSecurity", "..\gloCommon\gloSecurity\gloSecurity.csproj", "{7BFA9168-E479-4217-B7BB-A9440D38CDFB}"
EndProject
Project("{FAE04EC0-301F-11D3-BF4B-00C04F79EFBC}") = "gloUserRights", "..\gloCommon\gloUserRights\gloUserRights.csproj", "{9487621F-F5AF-473F-A6FD-794890C10B39}"
EndProject
Project("{FAE04EC0-301F-11D3-BF4B-00C04F79EFBC}") = "gloAddress", "..\gloCommon\gloAddressControl\gloAddress.csproj", "{CC12AABD-F887-4EE6-9AC2-55F3706F5F58}"
EndProject
Project("{FAE04EC0-301F-11D3-BF4B-00C04F79EFBC}") = "gloSSRSApplication", "..\gloCommon\gloSSRSApplication\Project_Reportview\gloSSRSApplication.csproj", "{C25CD246-8E4E-4B66-9A02-C0848E97E499}"
EndProject
Project("{FAE04EC0-301F-11D3-BF4B-00C04F79EFBC}") = "gloContactsMerge", "..\gloCommon\gloContactsMerge\gloContactsMerge.csproj", "{6A8961A3-A462-4E79-B0A2-E832F49CFC40}"
EndProject
Project("{FAE04EC0-301F-11D3-BF4B-00C04F79EFBC}") = "gloAUSLibrary", "..\gloCommon\gloAUSdll\gloAUSLibrary\gloAUSLibrary.csproj", "{FEBB8F47-F62A-419F-AC1B-B10E672DE624}"
EndProject
Project("{FAE04EC0-301F-11D3-BF4B-00C04F79EFBC}") = "gloGlobal", "..\gloCommon\gloGlobal\gloGlobal.csproj", "{1418D0CB-0BAA-4777-90F8-9BB0E4BB9372}"
EndProject
Project("{2150E333-8FDC-42A3-9474-1A3956D46DE8}") = "Solution Items", "Solution Items", "{A2C37D75-E269-4B7F-87AD-0B3E11F33E1D}"
EndProject
Project("{FAE04EC0-301F-11D3-BF4B-00C04F79EFBC}") = "gloEMR.Help", "..\gloCommon\gloEMR.Help\gloEMR.Help.csproj", "{F96993F9-C5D6-4AB0-B626-8DF4EDDBD88C}"
EndProject
Project("{54435603-DBB4-11D2-8724-00A0C9A8B90C}") = "gloPMAdminInstall", "gloPMAdminInstall\gloPMAdminInstall.vdproj", "{B77CBABC-8646-4EFB-9CF5-5216F8B19079}"
EndProject
Project("{FAE04EC0-301F-11D3-BF4B-00C04F79EFBC}") = "gloUIControlLibrary", "..\gloCommon\gloUIControlLibrary\gloUIControlLibrary.csproj", "{F1DC1088-F098-466E-AA03-1A9C3AD9DB83}"
EndProject
Project("{FAE04EC0-301F-11D3-BF4B-00C04F79EFBC}") = "gloPrintDialog", "..\gloCommon\gloPrintDialog\gloPrintDialog.csproj", "{8DD0457B-4AF0-4CB3-A7BB-35DAC5665C50}"
EndProject
Project("{FAE04EC0-301F-11D3-BF4B-00C04F79EFBC}") = "gloClinicalQueueGeneral", "..\gloCommon\gloClinicalQueueGeneral\gloClinicalQueueGeneral\gloClinicalQueueGeneral.csproj", "{F4774319-666F-44A3-8178-7E719ECDEF56}"
EndProject
Global
	GlobalSection(TeamFoundationVersionControl) = preSolution
		SccNumberOfProjects = 20
		SccEnterpriseProvider = {4CA58AB2-18FA-4F8D-95D4-32DDF27D184C}
		SccTeamFoundationServer = http://glosvr03:8080/tfs/defaultcollection
		SccLocalPath0 = .
		SccProjectUniqueName1 = ..\\gloCommon\\gloAuditTrail\\gloAuditTrail.csproj
		SccProjectName1 = ../gloCommon/gloAuditTrail
		SccLocalPath1 = ..\\gloCommon\\gloAuditTrail
		SccProjectUniqueName2 = ..\\gloCommon\\gloDatabaseLayer\\gloDatabaseLayer.csproj
		SccProjectName2 = ../gloCommon/gloDatabaseLayer
		SccLocalPath2 = ..\\gloCommon\\gloDatabaseLayer
		SccProjectUniqueName3 = ..\\gloCommon\\gloGeneralItem\\gloGeneralItem.csproj
		SccProjectName3 = ../gloCommon/gloGeneralItem
		SccLocalPath3 = ..\\gloCommon\\gloGeneralItem
		SccProjectUniqueName4 = ..\\gloCommon\\gloListControl\\gloListControl.csproj
		SccProjectName4 = ../gloCommon/gloListControl
		SccLocalPath4 = ..\\gloCommon\\gloListControl
		SccProjectUniqueName5 = ..\\gloCommon\\gloMaskBox\\gloMaskBox.csproj
		SccProjectName5 = ../gloCommon/gloMaskBox
		SccLocalPath5 = ..\\gloCommon\\gloMaskBox
		SccProjectUniqueName6 = ..\\gloCommon\\gloSettings\\gloSettings.csproj
		SccProjectName6 = ../gloCommon/gloSettings
		SccLocalPath6 = ..\\gloCommon\\gloSettings
		SccProjectUniqueName7 = ..\\gloCommon\\gloSecurity\\gloSecurity.csproj
		SccProjectName7 = ../gloCommon/gloSecurity
		SccLocalPath7 = ..\\gloCommon\\gloSecurity
		SccProjectUniqueName8 = ..\\gloCommon\\gloUserRights\\gloUserRights.csproj
		SccProjectName8 = ../gloCommon/gloUserRights
		SccLocalPath8 = ..\\gloCommon\\gloUserRights
		SccProjectUniqueName9 = ..\\gloCommon\\gloAddressControl\\gloAddress.csproj
		SccProjectName9 = ../gloCommon/gloAddressControl
		SccLocalPath9 = ..\\gloCommon\\gloAddressControl
		SccProjectUniqueName10 = ..\\gloCommon\\gloSSRSApplication\\Project_Reportview\\gloSSRSApplication.csproj
		SccProjectName10 = ../gloCommon/gloSSRSApplication/Project_Reportview
		SccLocalPath10 = ..\\gloCommon\\gloSSRSApplication\\Project_Reportview
		SccProjectUniqueName11 = ..\\gloCommon\\gloContactsMerge\\gloContactsMerge.csproj
		SccProjectName11 = ../gloCommon/gloContactsMerge
		SccLocalPath11 = ..\\gloCommon\\gloContactsMerge
		SccProjectUniqueName12 = ..\\gloCommon\\gloAUSdll\\gloAUSLibrary\\gloAUSLibrary.csproj
		SccProjectName12 = ../gloCommon/gloAUSdll/gloAUSLibrary
		SccLocalPath12 = ..\\gloCommon\\gloAUSdll\\gloAUSLibrary
		SccProjectUniqueName13 = gloPMAdmin\\gloPMAdmin.vbproj
		SccProjectName13 = gloPMAdmin
		SccLocalPath13 = gloPMAdmin
		SccProjectUniqueName14 = ..\\gloCommon\\gloGlobal\\gloGlobal.csproj
		SccProjectName14 = ../gloCommon/gloGlobal
		SccLocalPath14 = ..\\gloCommon\\gloGlobal
		SccProjectUniqueName15 = ..\\gloCommon\\gloEMR.Help\\gloEMR.Help.csproj
		SccProjectName15 = ../gloCommon/gloEMR.Help
		SccLocalPath15 = ..\\gloCommon\\gloEMR.Help
		SccProjectUniqueName16 = gloPMAdminInstall\\gloPMAdminInstall.vdproj
		SccProjectName16 = gloPMAdminInstall
		SccLocalPath16 = gloPMAdminInstall
		SccProjectUniqueName17 = ..\\gloCommon\\gloUIControlLibrary\\gloUIControlLibrary.csproj
		SccProjectName17 = ../gloCommon/gloUIControlLibrary
		SccLocalPath17 = ..\\gloCommon\\gloUIControlLibrary
		SccProjectUniqueName18 = ..\\gloCommon\\gloPrintDialog\\gloPrintDialog.csproj
		SccProjectName18 = ../gloCommon/gloPrintDialog
		SccLocalPath18 = ..\\gloCommon\\gloPrintDialog
		SccProjectUniqueName19 = ..\\gloCommon\\gloClinicalQueueGeneral\\gloClinicalQueueGeneral\\gloClinicalQueueGeneral.csproj
		SccProjectName19 = ../gloCommon/gloClinicalQueueGeneral/gloClinicalQueueGeneral
		SccLocalPath19 = ..\\gloCommon\\gloClinicalQueueGeneral\\gloClinicalQueueGeneral
	EndGlobalSection
	GlobalSection(SolutionConfigurationPlatforms) = preSolution
		Debug|Any CPU = Debug|Any CPU
		Debug|x86 = Debug|x86
		Release|Any CPU = Release|Any CPU
		Release|x86 = Release|x86
	EndGlobalSection
	GlobalSection(ProjectConfigurationPlatforms) = postSolution
		{D4601138-47DB-42C7-AF2B-DA050DDFB3D0}.Debug|Any CPU.ActiveCfg = Debug|Any CPU
		{D4601138-47DB-42C7-AF2B-DA050DDFB3D0}.Debug|Any CPU.Build.0 = Debug|Any CPU
		{D4601138-47DB-42C7-AF2B-DA050DDFB3D0}.Debug|x86.ActiveCfg = Debug|x86
		{D4601138-47DB-42C7-AF2B-DA050DDFB3D0}.Debug|x86.Build.0 = Debug|x86
		{D4601138-47DB-42C7-AF2B-DA050DDFB3D0}.Release|Any CPU.ActiveCfg = Release|Any CPU
		{D4601138-47DB-42C7-AF2B-DA050DDFB3D0}.Release|Any CPU.Build.0 = Release|Any CPU
		{D4601138-47DB-42C7-AF2B-DA050DDFB3D0}.Release|x86.ActiveCfg = Release|x86
		{D4601138-47DB-42C7-AF2B-DA050DDFB3D0}.Release|x86.Build.0 = Release|x86
		{3F4FA298-6C2B-4635-94A0-B0FB20F9AAAF}.Debug|Any CPU.ActiveCfg = Debug|Any CPU
		{3F4FA298-6C2B-4635-94A0-B0FB20F9AAAF}.Debug|Any CPU.Build.0 = Debug|Any CPU
		{3F4FA298-6C2B-4635-94A0-B0FB20F9AAAF}.Debug|x86.ActiveCfg = Debug|x86
		{3F4FA298-6C2B-4635-94A0-B0FB20F9AAAF}.Debug|x86.Build.0 = Debug|x86
		{3F4FA298-6C2B-4635-94A0-B0FB20F9AAAF}.Release|Any CPU.ActiveCfg = Release|Any CPU
		{3F4FA298-6C2B-4635-94A0-B0FB20F9AAAF}.Release|Any CPU.Build.0 = Release|Any CPU
		{3F4FA298-6C2B-4635-94A0-B0FB20F9AAAF}.Release|x86.ActiveCfg = Release|x86
		{3F4FA298-6C2B-4635-94A0-B0FB20F9AAAF}.Release|x86.Build.0 = Release|x86
		{6D67B632-66D0-4EDC-9943-B6488A6098D3}.Debug|Any CPU.ActiveCfg = Debug|Any CPU
		{6D67B632-66D0-4EDC-9943-B6488A6098D3}.Debug|Any CPU.Build.0 = Debug|Any CPU
		{6D67B632-66D0-4EDC-9943-B6488A6098D3}.Debug|x86.ActiveCfg = Debug|x86
		{6D67B632-66D0-4EDC-9943-B6488A6098D3}.Debug|x86.Build.0 = Debug|x86
		{6D67B632-66D0-4EDC-9943-B6488A6098D3}.Release|Any CPU.ActiveCfg = Release|Any CPU
		{6D67B632-66D0-4EDC-9943-B6488A6098D3}.Release|Any CPU.Build.0 = Release|Any CPU
		{6D67B632-66D0-4EDC-9943-B6488A6098D3}.Release|x86.ActiveCfg = Release|x86
		{6D67B632-66D0-4EDC-9943-B6488A6098D3}.Release|x86.Build.0 = Release|x86
		{076D1B63-0D5C-4F76-B30B-C94023290017}.Debug|Any CPU.ActiveCfg = Debug|Any CPU
		{076D1B63-0D5C-4F76-B30B-C94023290017}.Debug|Any CPU.Build.0 = Debug|Any CPU
		{076D1B63-0D5C-4F76-B30B-C94023290017}.Debug|x86.ActiveCfg = Debug|x86
		{076D1B63-0D5C-4F76-B30B-C94023290017}.Debug|x86.Build.0 = Debug|x86
		{076D1B63-0D5C-4F76-B30B-C94023290017}.Release|Any CPU.ActiveCfg = Release|Any CPU
		{076D1B63-0D5C-4F76-B30B-C94023290017}.Release|Any CPU.Build.0 = Release|Any CPU
		{076D1B63-0D5C-4F76-B30B-C94023290017}.Release|x86.ActiveCfg = Release|x86
		{076D1B63-0D5C-4F76-B30B-C94023290017}.Release|x86.Build.0 = Release|x86
		{D2305C23-DA6B-462A-8BDB-6EF267E507A6}.Debug|Any CPU.ActiveCfg = Debug|Any CPU
		{D2305C23-DA6B-462A-8BDB-6EF267E507A6}.Debug|Any CPU.Build.0 = Debug|Any CPU
		{D2305C23-DA6B-462A-8BDB-6EF267E507A6}.Debug|x86.ActiveCfg = Debug|x86
		{D2305C23-DA6B-462A-8BDB-6EF267E507A6}.Debug|x86.Build.0 = Debug|x86
		{D2305C23-DA6B-462A-8BDB-6EF267E507A6}.Release|Any CPU.ActiveCfg = Release|Any CPU
		{D2305C23-DA6B-462A-8BDB-6EF267E507A6}.Release|Any CPU.Build.0 = Release|Any CPU
		{D2305C23-DA6B-462A-8BDB-6EF267E507A6}.Release|x86.ActiveCfg = Release|x86
		{D2305C23-DA6B-462A-8BDB-6EF267E507A6}.Release|x86.Build.0 = Release|x86
		{78959415-5FC9-4092-BE9F-A5380FB100DF}.Debug|Any CPU.ActiveCfg = Debug|Any CPU
		{78959415-5FC9-4092-BE9F-A5380FB100DF}.Debug|Any CPU.Build.0 = Debug|Any CPU
		{78959415-5FC9-4092-BE9F-A5380FB100DF}.Debug|x86.ActiveCfg = Debug|x86
		{78959415-5FC9-4092-BE9F-A5380FB100DF}.Debug|x86.Build.0 = Debug|x86
		{78959415-5FC9-4092-BE9F-A5380FB100DF}.Release|Any CPU.ActiveCfg = Release|Any CPU
		{78959415-5FC9-4092-BE9F-A5380FB100DF}.Release|Any CPU.Build.0 = Release|Any CPU
		{78959415-5FC9-4092-BE9F-A5380FB100DF}.Release|x86.ActiveCfg = Release|x86
		{78959415-5FC9-4092-BE9F-A5380FB100DF}.Release|x86.Build.0 = Release|x86
		{52DDAD83-38A4-4130-9D1E-B2F8CAE8DD71}.Debug|Any CPU.ActiveCfg = Debug|Any CPU
		{52DDAD83-38A4-4130-9D1E-B2F8CAE8DD71}.Debug|Any CPU.Build.0 = Debug|Any CPU
		{52DDAD83-38A4-4130-9D1E-B2F8CAE8DD71}.Debug|x86.ActiveCfg = Debug|x86
		{52DDAD83-38A4-4130-9D1E-B2F8CAE8DD71}.Debug|x86.Build.0 = Debug|x86
		{52DDAD83-38A4-4130-9D1E-B2F8CAE8DD71}.Release|Any CPU.ActiveCfg = Release|Any CPU
		{52DDAD83-38A4-4130-9D1E-B2F8CAE8DD71}.Release|Any CPU.Build.0 = Release|Any CPU
		{52DDAD83-38A4-4130-9D1E-B2F8CAE8DD71}.Release|x86.ActiveCfg = Release|x86
		{52DDAD83-38A4-4130-9D1E-B2F8CAE8DD71}.Release|x86.Build.0 = Release|x86
		{7BFA9168-E479-4217-B7BB-A9440D38CDFB}.Debug|Any CPU.ActiveCfg = Debug|Any CPU
		{7BFA9168-E479-4217-B7BB-A9440D38CDFB}.Debug|Any CPU.Build.0 = Debug|Any CPU
		{7BFA9168-E479-4217-B7BB-A9440D38CDFB}.Debug|x86.ActiveCfg = Debug|x86
		{7BFA9168-E479-4217-B7BB-A9440D38CDFB}.Debug|x86.Build.0 = Debug|x86
		{7BFA9168-E479-4217-B7BB-A9440D38CDFB}.Release|Any CPU.ActiveCfg = Release|Any CPU
		{7BFA9168-E479-4217-B7BB-A9440D38CDFB}.Release|Any CPU.Build.0 = Release|Any CPU
		{7BFA9168-E479-4217-B7BB-A9440D38CDFB}.Release|x86.ActiveCfg = Release|x86
		{7BFA9168-E479-4217-B7BB-A9440D38CDFB}.Release|x86.Build.0 = Release|x86
		{9487621F-F5AF-473F-A6FD-794890C10B39}.Debug|Any CPU.ActiveCfg = Debug|Any CPU
		{9487621F-F5AF-473F-A6FD-794890C10B39}.Debug|Any CPU.Build.0 = Debug|Any CPU
		{9487621F-F5AF-473F-A6FD-794890C10B39}.Debug|x86.ActiveCfg = Debug|x86
		{9487621F-F5AF-473F-A6FD-794890C10B39}.Debug|x86.Build.0 = Debug|x86
		{9487621F-F5AF-473F-A6FD-794890C10B39}.Release|Any CPU.ActiveCfg = Release|Any CPU
		{9487621F-F5AF-473F-A6FD-794890C10B39}.Release|Any CPU.Build.0 = Release|Any CPU
		{9487621F-F5AF-473F-A6FD-794890C10B39}.Release|x86.ActiveCfg = Release|x86
		{9487621F-F5AF-473F-A6FD-794890C10B39}.Release|x86.Build.0 = Release|x86
		{CC12AABD-F887-4EE6-9AC2-55F3706F5F58}.Debug|Any CPU.ActiveCfg = Debug|Any CPU
		{CC12AABD-F887-4EE6-9AC2-55F3706F5F58}.Debug|Any CPU.Build.0 = Debug|Any CPU
		{CC12AABD-F887-4EE6-9AC2-55F3706F5F58}.Debug|x86.ActiveCfg = Debug|x86
		{CC12AABD-F887-4EE6-9AC2-55F3706F5F58}.Debug|x86.Build.0 = Debug|x86
		{CC12AABD-F887-4EE6-9AC2-55F3706F5F58}.Release|Any CPU.ActiveCfg = Release|Any CPU
		{CC12AABD-F887-4EE6-9AC2-55F3706F5F58}.Release|Any CPU.Build.0 = Release|Any CPU
		{CC12AABD-F887-4EE6-9AC2-55F3706F5F58}.Release|x86.ActiveCfg = Release|x86
		{CC12AABD-F887-4EE6-9AC2-55F3706F5F58}.Release|x86.Build.0 = Release|x86
		{C25CD246-8E4E-4B66-9A02-C0848E97E499}.Debug|Any CPU.ActiveCfg = Debug|Any CPU
		{C25CD246-8E4E-4B66-9A02-C0848E97E499}.Debug|Any CPU.Build.0 = Debug|Any CPU
		{C25CD246-8E4E-4B66-9A02-C0848E97E499}.Debug|x86.ActiveCfg = Debug|x86
		{C25CD246-8E4E-4B66-9A02-C0848E97E499}.Debug|x86.Build.0 = Debug|x86
		{C25CD246-8E4E-4B66-9A02-C0848E97E499}.Release|Any CPU.ActiveCfg = Release|Any CPU
		{C25CD246-8E4E-4B66-9A02-C0848E97E499}.Release|Any CPU.Build.0 = Release|Any CPU
		{C25CD246-8E4E-4B66-9A02-C0848E97E499}.Release|x86.ActiveCfg = Release|x86
		{C25CD246-8E4E-4B66-9A02-C0848E97E499}.Release|x86.Build.0 = Release|x86
		{6A8961A3-A462-4E79-B0A2-E832F49CFC40}.Debug|Any CPU.ActiveCfg = Debug|Any CPU
		{6A8961A3-A462-4E79-B0A2-E832F49CFC40}.Debug|Any CPU.Build.0 = Debug|Any CPU
		{6A8961A3-A462-4E79-B0A2-E832F49CFC40}.Debug|x86.ActiveCfg = Debug|x86
		{6A8961A3-A462-4E79-B0A2-E832F49CFC40}.Debug|x86.Build.0 = Debug|x86
		{6A8961A3-A462-4E79-B0A2-E832F49CFC40}.Release|Any CPU.ActiveCfg = Release|Any CPU
		{6A8961A3-A462-4E79-B0A2-E832F49CFC40}.Release|Any CPU.Build.0 = Release|Any CPU
		{6A8961A3-A462-4E79-B0A2-E832F49CFC40}.Release|x86.ActiveCfg = Release|x86
		{6A8961A3-A462-4E79-B0A2-E832F49CFC40}.Release|x86.Build.0 = Release|x86
		{FEBB8F47-F62A-419F-AC1B-B10E672DE624}.Debug|Any CPU.ActiveCfg = Debug|Any CPU
		{FEBB8F47-F62A-419F-AC1B-B10E672DE624}.Debug|Any CPU.Build.0 = Debug|Any CPU
		{FEBB8F47-F62A-419F-AC1B-B10E672DE624}.Debug|x86.ActiveCfg = Debug|x86
		{FEBB8F47-F62A-419F-AC1B-B10E672DE624}.Debug|x86.Build.0 = Debug|x86
		{FEBB8F47-F62A-419F-AC1B-B10E672DE624}.Release|Any CPU.ActiveCfg = Release|Any CPU
		{FEBB8F47-F62A-419F-AC1B-B10E672DE624}.Release|Any CPU.Build.0 = Release|Any CPU
		{FEBB8F47-F62A-419F-AC1B-B10E672DE624}.Release|x86.ActiveCfg = Release|x86
		{FEBB8F47-F62A-419F-AC1B-B10E672DE624}.Release|x86.Build.0 = Release|x86
		{1418D0CB-0BAA-4777-90F8-9BB0E4BB9372}.Debug|Any CPU.ActiveCfg = Debug|Any CPU
		{1418D0CB-0BAA-4777-90F8-9BB0E4BB9372}.Debug|Any CPU.Build.0 = Debug|Any CPU
		{1418D0CB-0BAA-4777-90F8-9BB0E4BB9372}.Debug|x86.ActiveCfg = Debug|x86
		{1418D0CB-0BAA-4777-90F8-9BB0E4BB9372}.Release|Any CPU.ActiveCfg = Release|Any CPU
		{1418D0CB-0BAA-4777-90F8-9BB0E4BB9372}.Release|Any CPU.Build.0 = Release|Any CPU
		{1418D0CB-0BAA-4777-90F8-9BB0E4BB9372}.Release|x86.ActiveCfg = Release|x86
		{1418D0CB-0BAA-4777-90F8-9BB0E4BB9372}.Release|x86.Build.0 = Release|x86
		{F96993F9-C5D6-4AB0-B626-8DF4EDDBD88C}.Debug|Any CPU.ActiveCfg = Debug|Any CPU
		{F96993F9-C5D6-4AB0-B626-8DF4EDDBD88C}.Debug|Any CPU.Build.0 = Debug|Any CPU
		{F96993F9-C5D6-4AB0-B626-8DF4EDDBD88C}.Debug|x86.ActiveCfg = Debug|x86
		{F96993F9-C5D6-4AB0-B626-8DF4EDDBD88C}.Release|Any CPU.ActiveCfg = Release|Any CPU
		{F96993F9-C5D6-4AB0-B626-8DF4EDDBD88C}.Release|Any CPU.Build.0 = Release|Any CPU
		{F96993F9-C5D6-4AB0-B626-8DF4EDDBD88C}.Release|x86.ActiveCfg = Release|x86
		{F96993F9-C5D6-4AB0-B626-8DF4EDDBD88C}.Release|x86.Build.0 = Release|x86
		{B77CBABC-8646-4EFB-9CF5-5216F8B19079}.Debug|Any CPU.ActiveCfg = Debug
		{B77CBABC-8646-4EFB-9CF5-5216F8B19079}.Debug|x86.ActiveCfg = Debug
		{B77CBABC-8646-4EFB-9CF5-5216F8B19079}.Debug|x86.Build.0 = Debug
		{B77CBABC-8646-4EFB-9CF5-5216F8B19079}.Release|Any CPU.ActiveCfg = Release
		{B77CBABC-8646-4EFB-9CF5-5216F8B19079}.Release|Any CPU.Build.0 = Release
		{B77CBABC-8646-4EFB-9CF5-5216F8B19079}.Release|x86.ActiveCfg = Release
		{B77CBABC-8646-4EFB-9CF5-5216F8B19079}.Release|x86.Build.0 = Release
		{F1DC1088-F098-466E-AA03-1A9C3AD9DB83}.Debug|Any CPU.ActiveCfg = Debug|Any CPU
		{F1DC1088-F098-466E-AA03-1A9C3AD9DB83}.Debug|Any CPU.Build.0 = Debug|Any CPU
		{F1DC1088-F098-466E-AA03-1A9C3AD9DB83}.Debug|x86.ActiveCfg = Debug|x86
		{F1DC1088-F098-466E-AA03-1A9C3AD9DB83}.Debug|x86.Build.0 = Debug|x86
		{F1DC1088-F098-466E-AA03-1A9C3AD9DB83}.Release|Any CPU.ActiveCfg = Release|Any CPU
		{F1DC1088-F098-466E-AA03-1A9C3AD9DB83}.Release|Any CPU.Build.0 = Release|Any CPU
		{F1DC1088-F098-466E-AA03-1A9C3AD9DB83}.Release|x86.ActiveCfg = Release|x86
		{F1DC1088-F098-466E-AA03-1A9C3AD9DB83}.Release|x86.Build.0 = Release|x86
		{8DD0457B-4AF0-4CB3-A7BB-35DAC5665C50}.Debug|Any CPU.ActiveCfg = Debug|Any CPU
		{8DD0457B-4AF0-4CB3-A7BB-35DAC5665C50}.Debug|Any CPU.Build.0 = Debug|Any CPU
		{8DD0457B-4AF0-4CB3-A7BB-35DAC5665C50}.Debug|x86.ActiveCfg = Debug|x86
		{8DD0457B-4AF0-4CB3-A7BB-35DAC5665C50}.Debug|x86.Build.0 = Debug|x86
		{8DD0457B-4AF0-4CB3-A7BB-35DAC5665C50}.Release|Any CPU.ActiveCfg = Release|Any CPU
		{8DD0457B-4AF0-4CB3-A7BB-35DAC5665C50}.Release|Any CPU.Build.0 = Release|Any CPU
		{8DD0457B-4AF0-4CB3-A7BB-35DAC5665C50}.Release|x86.ActiveCfg = Release|x86
		{8DD0457B-4AF0-4CB3-A7BB-35DAC5665C50}.Release|x86.Build.0 = Release|x86
		{F4774319-666F-44A3-8178-7E719ECDEF56}.Debug|Any CPU.ActiveCfg = Debug|Any CPU
		{F4774319-666F-44A3-8178-7E719ECDEF56}.Debug|Any CPU.Build.0 = Debug|Any CPU
		{F4774319-666F-44A3-8178-7E719ECDEF56}.Debug|x86.ActiveCfg = Debug|x86
		{F4774319-666F-44A3-8178-7E719ECDEF56}.Debug|x86.Build.0 = Debug|x86
		{F4774319-666F-44A3-8178-7E719ECDEF56}.Release|Any CPU.ActiveCfg = Release|Any CPU
		{F4774319-666F-44A3-8178-7E719ECDEF56}.Release|Any CPU.Build.0 = Release|Any CPU
		{F4774319-666F-44A3-8178-7E719ECDEF56}.Release|x86.ActiveCfg = Release|x86
		{F4774319-666F-44A3-8178-7E719ECDEF56}.Release|x86.Build.0 = Release|x86
	EndGlobalSection
	GlobalSection(SolutionProperties) = preSolution
		HideSolutionNode = FALSE
	EndGlobalSection
EndGlobal
