
Microsoft Visual Studio Solution File, Format Version 11.00
# Visual Studio 2010
Project("{FAE04EC0-301F-11D3-BF4B-00C04F79EFBC}") = "gloScanImaging", "gloScanImaging\gloScanImaging.csproj", "{3433B6B1-93EC-4D74-B9E7-DC06327E1449}"
EndProject
Global
	GlobalSection(TeamFoundationVersionControl) = preSolution
		SccNumberOfProjects = 2
		SccEnterpriseProvider = {4CA58AB2-18FA-4F8D-95D4-32DDF27D184C}
		SccTeamFoundationServer = http://glosvr03:8080/tfs/defaultcollection
		SccLocalPath0 = .
		SccProjectUniqueName1 = gloScanImaging\\gloScanImaging.csproj
		SccProjectName1 = gloScanImaging
		SccLocalPath1 = gloScanImaging
	EndGlobalSection
	GlobalSection(SolutionConfigurationPlatforms) = preSolution
		Debug|x86 = Debug|x86
		Release|x86 = Release|x86
	EndGlobalSection
	GlobalSection(ProjectConfigurationPlatforms) = postSolution
		{3433B6B1-93EC-4D74-B9E7-DC06327E1449}.Debug|x86.ActiveCfg = Debug|x86
		{3433B6B1-93EC-4D74-B9E7-DC06327E1449}.Debug|x86.Build.0 = Debug|x86
		{3433B6B1-93EC-4D74-B9E7-DC06327E1449}.Release|x86.ActiveCfg = Release|x86
		{3433B6B1-93EC-4D74-B9E7-DC06327E1449}.Release|x86.Build.0 = Release|x86
	EndGlobalSection
	GlobalSection(SolutionProperties) = preSolution
		HideSolutionNode = FALSE
	EndGlobalSection
EndGlobal
