
Microsoft Visual Studio Solution File, Format Version 11.00
# Visual Studio 2010
Project("{FAE04EC0-301F-11D3-BF4B-00C04F79EFBC}") = "gloQRDAImport", "gloQRDAImport\gloQRDAImport.csproj", "{9A119C06-722A-4E3C-903F-F12063AFC1DF}"
EndProject
Project("{F184B08F-C81C-45F6-A57F-5ABD9991F28F}") = "gloCCDLibrary", "..\..\gloCommon\gloCCD\gloCCDLibrary.vbproj", "{0A44632D-0027-49A8-982E-22F018D25678}"
EndProject
Project("{FAE04EC0-301F-11D3-BF4B-00C04F79EFBC}") = "gloAuditTrail", "..\..\gloCommon\gloAuditTrail\gloAuditTrail.csproj", "{3F4FA298-6C2B-4635-94A0-B0FB20F9AAAF}"
EndProject
Project("{FAE04EC0-301F-11D3-BF4B-00C04F79EFBC}") = "gloCCDSchema", "..\..\gloCommon\gloCCDSchema\gloCCDSchema.csproj", "{1C1B9365-21D6-48ED-8D17-0C3BDDDB5186}"
EndProject
Project("{FAE04EC0-301F-11D3-BF4B-00C04F79EFBC}") = "gloDateMaster", "..\..\gloCommon\gloDateMaster\gloDateMaster.csproj", "{ECD171D2-F407-41D5-AC83-C4F6A692EAF2}"
EndProject
Project("{FAE04EC0-301F-11D3-BF4B-00C04F79EFBC}") = "gloPatient", "..\..\gloCommon\gloPatient\gloPatient.csproj", "{80B1F701-EC47-4CD8-BDCB-475678EF96E2}"
EndProject
Project("{FAE04EC0-301F-11D3-BF4B-00C04F79EFBC}") = "gloSecurity", "..\..\gloCommon\gloSecurity\gloSecurity.csproj", "{7BFA9168-E479-4217-B7BB-A9440D38CDFB}"
EndProject
Project("{FAE04EC0-301F-11D3-BF4B-00C04F79EFBC}") = "gloSettings", "..\..\gloCommon\gloSettings\gloSettings.csproj", "{52DDAD83-38A4-4130-9D1E-B2F8CAE8DD71}"
EndProject
Project("{FAE04EC0-301F-11D3-BF4B-00C04F79EFBC}") = "gloDatabaseLayer", "..\..\gloCommon\gloDatabaseLayer\gloDatabaseLayer.csproj", "{6D67B632-66D0-4EDC-9943-B6488A6098D3}"
EndProject
Project("{FAE04EC0-301F-11D3-BF4B-00C04F79EFBC}") = "gloGlobal", "..\..\gloCommon\gloGlobal\gloGlobal.csproj", "{1418D0CB-0BAA-4777-90F8-9BB0E4BB9372}"
EndProject
Project("{FAE04EC0-301F-11D3-BF4B-00C04F79EFBC}") = "gloUserRights", "..\..\gloCommon\gloUserRights\gloUserRights.csproj", "{9487621F-F5AF-473F-A6FD-794890C10B39}"
EndProject
Project("{FAE04EC0-301F-11D3-BF4B-00C04F79EFBC}") = "gloAppointmentBook", "..\..\gloCommon\gloAppointmentBook\gloAppointmentBook.csproj", "{8DDE29B5-495E-49D1-82A0-644B2C4B493C}"
EndProject
Project("{FAE04EC0-301F-11D3-BF4B-00C04F79EFBC}") = "gloSSRSApplication", "..\..\gloCommon\gloSSRSApplication\Project_Reportview\gloSSRSApplication.csproj", "{C25CD246-8E4E-4B66-9A02-C0848E97E499}"
EndProject
Project("{FAE04EC0-301F-11D3-BF4B-00C04F79EFBC}") = "gloListControl", "..\..\gloCommon\gloListControl\gloListControl.csproj", "{D2305C23-DA6B-462A-8BDB-6EF267E507A6}"
EndProject
Project("{FAE04EC0-301F-11D3-BF4B-00C04F79EFBC}") = "gloCardScanning", "..\..\gloCommon\gloCardScanning\gloCardScanning.csproj", "{4EE01581-8654-44EB-865F-3B7BB27D3AED}"
EndProject
Project("{FAE04EC0-301F-11D3-BF4B-00C04F79EFBC}") = "gloGeneralItem", "..\..\gloCommon\gloGeneralItem\gloGeneralItem.csproj", "{076D1B63-0D5C-4F76-B30B-C94023290017}"
EndProject
Project("{FAE04EC0-301F-11D3-BF4B-00C04F79EFBC}") = "gloContacts", "..\..\gloCommon\gloContacts\gloContacts.csproj", "{E927ECC9-383B-4812-8167-48F712C5A769}"
EndProject
Project("{FAE04EC0-301F-11D3-BF4B-00C04F79EFBC}") = "gloMaskBox", "..\..\gloCommon\gloMaskBox\gloMaskBox.csproj", "{78959415-5FC9-4092-BE9F-A5380FB100DF}"
EndProject
Project("{F184B08F-C81C-45F6-A57F-5ABD9991F28F}") = "gloPatientPortalCommon", "..\..\gloCommon\gloPatientPortalCommon\gloPatientPortalCommon\gloPatientPortalCommon.vbproj", "{E13714AA-CE10-4A69-85A0-3EAF21227265}"
EndProject
Project("{FAE04EC0-301F-11D3-BF4B-00C04F79EFBC}") = "gloAddress", "..\..\gloCommon\gloAddressControl\gloAddress.csproj", "{CC12AABD-F887-4EE6-9AC2-55F3706F5F58}"
EndProject
Project("{FAE04EC0-301F-11D3-BF4B-00C04F79EFBC}") = "gloWebCamWrapper", "..\..\gloCommon\gloWebCamWrapper\gloWebCamWrapper.csproj", "{CC5D5149-0092-4508-AC34-2ABE1468A1C9}"
EndProject
Project("{FAE04EC0-301F-11D3-BF4B-00C04F79EFBC}") = "gloAUSLibrary", "..\..\gloCommon\gloAUSdll\gloAUSLibrary\gloAUSLibrary.csproj", "{FEBB8F47-F62A-419F-AC1B-B10E672DE624}"
EndProject
Project("{FAE04EC0-301F-11D3-BF4B-00C04F79EFBC}") = "gloPrintDialog", "..\..\gloCommon\gloPrintDialog\gloPrintDialog.csproj", "{8DD0457B-4AF0-4CB3-A7BB-35DAC5665C50}"
EndProject
Project("{FAE04EC0-301F-11D3-BF4B-00C04F79EFBC}") = "gloRemoteScanGeneral", "..\..\gloCommon\gloRemoteScanGeneral\gloRemoteScanGeneral.csproj", "{73A47044-27C0-4683-8970-4F0351CAC1DC}"
EndProject
Project("{FAE04EC0-301F-11D3-BF4B-00C04F79EFBC}") = "Saraff.Twain", "..\..\gloCommon\Saraff.Twain\Saraff.Twain.csproj", "{658F9851-4D1C-4D57-904E-F9D7DA7F24FC}"
EndProject
Global
	GlobalSection(TeamFoundationVersionControl) = preSolution
		SccNumberOfProjects = 26
		SccEnterpriseProvider = {4CA58AB2-18FA-4F8D-95D4-32DDF27D184C}
		SccTeamFoundationServer = http://glosvr03:8080/tfs/defaultcollection
		SccLocalPath0 = .
		SccProjectUniqueName1 = gloQRDAImport\\gloQRDAImport.csproj
		SccProjectName1 = gloQRDAImport
		SccLocalPath1 = gloQRDAImport
		SccProjectUniqueName2 = ..\\..\\gloCommon\\gloCCD\\gloCCDLibrary.vbproj
		SccProjectName2 = ../../gloCommon/gloCCD
		SccLocalPath2 = ..\\..\\gloCommon\\gloCCD
		SccProjectUniqueName3 = ..\\..\\gloCommon\\gloAuditTrail\\gloAuditTrail.csproj
		SccProjectName3 = ../../gloCommon/gloAuditTrail
		SccLocalPath3 = ..\\..\\gloCommon\\gloAuditTrail
		SccProjectUniqueName4 = ..\\..\\gloCommon\\gloCCDSchema\\gloCCDSchema.csproj
		SccProjectName4 = ../../gloCommon/gloCCDSchema
		SccLocalPath4 = ..\\..\\gloCommon\\gloCCDSchema
		SccProjectUniqueName5 = ..\\..\\gloCommon\\gloDateMaster\\gloDateMaster.csproj
		SccProjectName5 = ../../gloCommon/gloDateMaster
		SccLocalPath5 = ..\\..\\gloCommon\\gloDateMaster
		SccProjectUniqueName6 = ..\\..\\gloCommon\\gloPatient\\gloPatient.csproj
		SccProjectName6 = ../../gloCommon/gloPatient
		SccLocalPath6 = ..\\..\\gloCommon\\gloPatient
		SccProjectUniqueName7 = ..\\..\\gloCommon\\gloSecurity\\gloSecurity.csproj
		SccProjectName7 = ../../gloCommon/gloSecurity
		SccLocalPath7 = ..\\..\\gloCommon\\gloSecurity
		SccProjectUniqueName8 = ..\\..\\gloCommon\\gloSettings\\gloSettings.csproj
		SccProjectName8 = ../../gloCommon/gloSettings
		SccLocalPath8 = ..\\..\\gloCommon\\gloSettings
		SccProjectUniqueName9 = ..\\..\\gloCommon\\gloDatabaseLayer\\gloDatabaseLayer.csproj
		SccProjectName9 = ../../gloCommon/gloDatabaseLayer
		SccLocalPath9 = ..\\..\\gloCommon\\gloDatabaseLayer
		SccProjectUniqueName10 = ..\\..\\gloCommon\\gloGlobal\\gloGlobal.csproj
		SccProjectName10 = ../../gloCommon/gloGlobal
		SccLocalPath10 = ..\\..\\gloCommon\\gloGlobal
		SccProjectUniqueName11 = ..\\..\\gloCommon\\gloUserRights\\gloUserRights.csproj
		SccProjectName11 = ../../gloCommon/gloUserRights
		SccLocalPath11 = ..\\..\\gloCommon\\gloUserRights
		SccProjectUniqueName12 = ..\\..\\gloCommon\\gloAppointmentBook\\gloAppointmentBook.csproj
		SccProjectName12 = ../../gloCommon/gloAppointmentBook
		SccLocalPath12 = ..\\..\\gloCommon\\gloAppointmentBook
		SccProjectUniqueName13 = ..\\..\\gloCommon\\gloSSRSApplication\\Project_Reportview\\gloSSRSApplication.csproj
		SccProjectName13 = ../../gloCommon/gloSSRSApplication/Project_Reportview
		SccLocalPath13 = ..\\..\\gloCommon\\gloSSRSApplication\\Project_Reportview
		SccProjectUniqueName14 = ..\\..\\gloCommon\\gloListControl\\gloListControl.csproj
		SccProjectName14 = ../../gloCommon/gloListControl
		SccLocalPath14 = ..\\..\\gloCommon\\gloListControl
		SccProjectUniqueName15 = ..\\..\\gloCommon\\gloCardScanning\\gloCardScanning.csproj
		SccProjectName15 = ../../gloCommon/gloCardScanning
		SccLocalPath15 = ..\\..\\gloCommon\\gloCardScanning
		SccProjectUniqueName16 = ..\\..\\gloCommon\\gloGeneralItem\\gloGeneralItem.csproj
		SccProjectName16 = ../../gloCommon/gloGeneralItem
		SccLocalPath16 = ..\\..\\gloCommon\\gloGeneralItem
		SccProjectUniqueName17 = ..\\..\\gloCommon\\gloContacts\\gloContacts.csproj
		SccProjectName17 = ../../gloCommon/gloContacts
		SccLocalPath17 = ..\\..\\gloCommon\\gloContacts
		SccProjectUniqueName18 = ..\\..\\gloCommon\\gloMaskBox\\gloMaskBox.csproj
		SccProjectName18 = ../../gloCommon/gloMaskBox
		SccLocalPath18 = ..\\..\\gloCommon\\gloMaskBox
		SccProjectUniqueName19 = ..\\..\\gloCommon\\gloPatientPortalCommon\\gloPatientPortalCommon\\gloPatientPortalCommon.vbproj
		SccProjectName19 = ../../gloCommon/gloPatientPortalCommon/gloPatientPortalCommon
		SccLocalPath19 = ..\\..\\gloCommon\\gloPatientPortalCommon\\gloPatientPortalCommon
		SccProjectUniqueName20 = ..\\..\\gloCommon\\gloAddressControl\\gloAddress.csproj
		SccProjectName20 = ../../gloCommon/gloAddressControl
		SccLocalPath20 = ..\\..\\gloCommon\\gloAddressControl
		SccProjectUniqueName21 = ..\\..\\gloCommon\\gloWebCamWrapper\\gloWebCamWrapper.csproj
		SccProjectName21 = ../../gloCommon/gloWebCamWrapper
		SccLocalPath21 = ..\\..\\gloCommon\\gloWebCamWrapper
		SccProjectUniqueName22 = ..\\..\\gloCommon\\gloAUSdll\\gloAUSLibrary\\gloAUSLibrary.csproj
		SccProjectName22 = ../../gloCommon/gloAUSdll/gloAUSLibrary
		SccLocalPath22 = ..\\..\\gloCommon\\gloAUSdll\\gloAUSLibrary
		SccProjectUniqueName23 = ..\\..\\gloCommon\\gloPrintDialog\\gloPrintDialog.csproj
		SccProjectName23 = ../../gloCommon/gloPrintDialog
		SccLocalPath23 = ..\\..\\gloCommon\\gloPrintDialog
		SccProjectUniqueName24 = ..\\..\\gloCommon\\gloRemoteScanGeneral\\gloRemoteScanGeneral.csproj
		SccProjectName24 = ../../gloCommon/gloRemoteScanGeneral
		SccLocalPath24 = ..\\..\\gloCommon\\gloRemoteScanGeneral
		SccProjectUniqueName25 = ..\\..\\gloCommon\\Saraff.Twain\\Saraff.Twain.csproj
		SccProjectName25 = ../../gloCommon/Saraff.Twain
		SccLocalPath25 = ..\\..\\gloCommon\\Saraff.Twain
	EndGlobalSection
	GlobalSection(SolutionConfigurationPlatforms) = preSolution
		Debug|Any CPU = Debug|Any CPU
		Debug|Itanium = Debug|Itanium
		Debug|x86 = Debug|x86
		Release|Any CPU = Release|Any CPU
		Release|Itanium = Release|Itanium
		Release|x86 = Release|x86
	EndGlobalSection
	GlobalSection(ProjectConfigurationPlatforms) = postSolution
		{9A119C06-722A-4E3C-903F-F12063AFC1DF}.Debug|Any CPU.ActiveCfg = Debug|x86
		{9A119C06-722A-4E3C-903F-F12063AFC1DF}.Debug|Itanium.ActiveCfg = Debug|x86
		{9A119C06-722A-4E3C-903F-F12063AFC1DF}.Debug|x86.ActiveCfg = Debug|x86
		{9A119C06-722A-4E3C-903F-F12063AFC1DF}.Debug|x86.Build.0 = Debug|x86
		{9A119C06-722A-4E3C-903F-F12063AFC1DF}.Release|Any CPU.ActiveCfg = Release|x86
		{9A119C06-722A-4E3C-903F-F12063AFC1DF}.Release|Itanium.ActiveCfg = Release|x86
		{9A119C06-722A-4E3C-903F-F12063AFC1DF}.Release|x86.ActiveCfg = Release|x86
		{9A119C06-722A-4E3C-903F-F12063AFC1DF}.Release|x86.Build.0 = Release|x86
		{0A44632D-0027-49A8-982E-22F018D25678}.Debug|Any CPU.ActiveCfg = Debug|Any CPU
		{0A44632D-0027-49A8-982E-22F018D25678}.Debug|Any CPU.Build.0 = Debug|Any CPU
		{0A44632D-0027-49A8-982E-22F018D25678}.Debug|Itanium.ActiveCfg = Debug|x86
		{0A44632D-0027-49A8-982E-22F018D25678}.Debug|x86.ActiveCfg = Debug|x86
		{0A44632D-0027-49A8-982E-22F018D25678}.Debug|x86.Build.0 = Debug|x86
		{0A44632D-0027-49A8-982E-22F018D25678}.Release|Any CPU.ActiveCfg = Release|Any CPU
		{0A44632D-0027-49A8-982E-22F018D25678}.Release|Any CPU.Build.0 = Release|Any CPU
		{0A44632D-0027-49A8-982E-22F018D25678}.Release|Itanium.ActiveCfg = Release|x86
		{0A44632D-0027-49A8-982E-22F018D25678}.Release|x86.ActiveCfg = Release|x86
		{0A44632D-0027-49A8-982E-22F018D25678}.Release|x86.Build.0 = Release|x86
		{3F4FA298-6C2B-4635-94A0-B0FB20F9AAAF}.Debug|Any CPU.ActiveCfg = Debug|Any CPU
		{3F4FA298-6C2B-4635-94A0-B0FB20F9AAAF}.Debug|Any CPU.Build.0 = Debug|Any CPU
		{3F4FA298-6C2B-4635-94A0-B0FB20F9AAAF}.Debug|Itanium.ActiveCfg = Debug|x86
		{3F4FA298-6C2B-4635-94A0-B0FB20F9AAAF}.Debug|x86.ActiveCfg = Debug|x86
		{3F4FA298-6C2B-4635-94A0-B0FB20F9AAAF}.Debug|x86.Build.0 = Debug|x86
		{3F4FA298-6C2B-4635-94A0-B0FB20F9AAAF}.Release|Any CPU.ActiveCfg = Release|Any CPU
		{3F4FA298-6C2B-4635-94A0-B0FB20F9AAAF}.Release|Any CPU.Build.0 = Release|Any CPU
		{3F4FA298-6C2B-4635-94A0-B0FB20F9AAAF}.Release|Itanium.ActiveCfg = Release|x86
		{3F4FA298-6C2B-4635-94A0-B0FB20F9AAAF}.Release|x86.ActiveCfg = Release|x86
		{3F4FA298-6C2B-4635-94A0-B0FB20F9AAAF}.Release|x86.Build.0 = Release|x86
		{1C1B9365-21D6-48ED-8D17-0C3BDDDB5186}.Debug|Any CPU.ActiveCfg = Debug|Any CPU
		{1C1B9365-21D6-48ED-8D17-0C3BDDDB5186}.Debug|Any CPU.Build.0 = Debug|Any CPU
		{1C1B9365-21D6-48ED-8D17-0C3BDDDB5186}.Debug|Itanium.ActiveCfg = Debug|x86
		{1C1B9365-21D6-48ED-8D17-0C3BDDDB5186}.Debug|x86.ActiveCfg = Debug|x86
		{1C1B9365-21D6-48ED-8D17-0C3BDDDB5186}.Debug|x86.Build.0 = Debug|x86
		{1C1B9365-21D6-48ED-8D17-0C3BDDDB5186}.Release|Any CPU.ActiveCfg = Release|Any CPU
		{1C1B9365-21D6-48ED-8D17-0C3BDDDB5186}.Release|Any CPU.Build.0 = Release|Any CPU
		{1C1B9365-21D6-48ED-8D17-0C3BDDDB5186}.Release|Itanium.ActiveCfg = Release|x86
		{1C1B9365-21D6-48ED-8D17-0C3BDDDB5186}.Release|x86.ActiveCfg = Release|x86
		{1C1B9365-21D6-48ED-8D17-0C3BDDDB5186}.Release|x86.Build.0 = Release|x86
		{ECD171D2-F407-41D5-AC83-C4F6A692EAF2}.Debug|Any CPU.ActiveCfg = Debug|Any CPU
		{ECD171D2-F407-41D5-AC83-C4F6A692EAF2}.Debug|Any CPU.Build.0 = Debug|Any CPU
		{ECD171D2-F407-41D5-AC83-C4F6A692EAF2}.Debug|Itanium.ActiveCfg = Debug|x86
		{ECD171D2-F407-41D5-AC83-C4F6A692EAF2}.Debug|x86.ActiveCfg = Debug|x86
		{ECD171D2-F407-41D5-AC83-C4F6A692EAF2}.Debug|x86.Build.0 = Debug|x86
		{ECD171D2-F407-41D5-AC83-C4F6A692EAF2}.Release|Any CPU.ActiveCfg = Release|Any CPU
		{ECD171D2-F407-41D5-AC83-C4F6A692EAF2}.Release|Any CPU.Build.0 = Release|Any CPU
		{ECD171D2-F407-41D5-AC83-C4F6A692EAF2}.Release|Itanium.ActiveCfg = Release|x86
		{ECD171D2-F407-41D5-AC83-C4F6A692EAF2}.Release|x86.ActiveCfg = Release|x86
		{ECD171D2-F407-41D5-AC83-C4F6A692EAF2}.Release|x86.Build.0 = Release|x86
		{80B1F701-EC47-4CD8-BDCB-475678EF96E2}.Debug|Any CPU.ActiveCfg = Debug|Any CPU
		{80B1F701-EC47-4CD8-BDCB-475678EF96E2}.Debug|Any CPU.Build.0 = Debug|Any CPU
		{80B1F701-EC47-4CD8-BDCB-475678EF96E2}.Debug|Itanium.ActiveCfg = Debug|x86
		{80B1F701-EC47-4CD8-BDCB-475678EF96E2}.Debug|x86.ActiveCfg = Debug|x86
		{80B1F701-EC47-4CD8-BDCB-475678EF96E2}.Debug|x86.Build.0 = Debug|x86
		{80B1F701-EC47-4CD8-BDCB-475678EF96E2}.Release|Any CPU.ActiveCfg = Release|Any CPU
		{80B1F701-EC47-4CD8-BDCB-475678EF96E2}.Release|Any CPU.Build.0 = Release|Any CPU
		{80B1F701-EC47-4CD8-BDCB-475678EF96E2}.Release|Itanium.ActiveCfg = Release|x86
		{80B1F701-EC47-4CD8-BDCB-475678EF96E2}.Release|x86.ActiveCfg = Release|x86
		{80B1F701-EC47-4CD8-BDCB-475678EF96E2}.Release|x86.Build.0 = Release|x86
		{7BFA9168-E479-4217-B7BB-A9440D38CDFB}.Debug|Any CPU.ActiveCfg = Debug|Any CPU
		{7BFA9168-E479-4217-B7BB-A9440D38CDFB}.Debug|Any CPU.Build.0 = Debug|Any CPU
		{7BFA9168-E479-4217-B7BB-A9440D38CDFB}.Debug|Itanium.ActiveCfg = Debug|x86
		{7BFA9168-E479-4217-B7BB-A9440D38CDFB}.Debug|x86.ActiveCfg = Debug|x86
		{7BFA9168-E479-4217-B7BB-A9440D38CDFB}.Debug|x86.Build.0 = Debug|x86
		{7BFA9168-E479-4217-B7BB-A9440D38CDFB}.Release|Any CPU.ActiveCfg = Release|Any CPU
		{7BFA9168-E479-4217-B7BB-A9440D38CDFB}.Release|Any CPU.Build.0 = Release|Any CPU
		{7BFA9168-E479-4217-B7BB-A9440D38CDFB}.Release|Itanium.ActiveCfg = Release|x86
		{7BFA9168-E479-4217-B7BB-A9440D38CDFB}.Release|x86.ActiveCfg = Release|x86
		{7BFA9168-E479-4217-B7BB-A9440D38CDFB}.Release|x86.Build.0 = Release|x86
		{52DDAD83-38A4-4130-9D1E-B2F8CAE8DD71}.Debug|Any CPU.ActiveCfg = Debug|Any CPU
		{52DDAD83-38A4-4130-9D1E-B2F8CAE8DD71}.Debug|Any CPU.Build.0 = Debug|Any CPU
		{52DDAD83-38A4-4130-9D1E-B2F8CAE8DD71}.Debug|Itanium.ActiveCfg = Debug|x86
		{52DDAD83-38A4-4130-9D1E-B2F8CAE8DD71}.Debug|x86.ActiveCfg = Debug|x86
		{52DDAD83-38A4-4130-9D1E-B2F8CAE8DD71}.Debug|x86.Build.0 = Debug|x86
		{52DDAD83-38A4-4130-9D1E-B2F8CAE8DD71}.Release|Any CPU.ActiveCfg = Release|Any CPU
		{52DDAD83-38A4-4130-9D1E-B2F8CAE8DD71}.Release|Any CPU.Build.0 = Release|Any CPU
		{52DDAD83-38A4-4130-9D1E-B2F8CAE8DD71}.Release|Itanium.ActiveCfg = Release|x86
		{52DDAD83-38A4-4130-9D1E-B2F8CAE8DD71}.Release|x86.ActiveCfg = Release|x86
		{52DDAD83-38A4-4130-9D1E-B2F8CAE8DD71}.Release|x86.Build.0 = Release|x86
		{6D67B632-66D0-4EDC-9943-B6488A6098D3}.Debug|Any CPU.ActiveCfg = Debug|Any CPU
		{6D67B632-66D0-4EDC-9943-B6488A6098D3}.Debug|Any CPU.Build.0 = Debug|Any CPU
		{6D67B632-66D0-4EDC-9943-B6488A6098D3}.Debug|Itanium.ActiveCfg = Debug|x86
		{6D67B632-66D0-4EDC-9943-B6488A6098D3}.Debug|x86.ActiveCfg = Debug|x86
		{6D67B632-66D0-4EDC-9943-B6488A6098D3}.Debug|x86.Build.0 = Debug|x86
		{6D67B632-66D0-4EDC-9943-B6488A6098D3}.Release|Any CPU.ActiveCfg = Release|Any CPU
		{6D67B632-66D0-4EDC-9943-B6488A6098D3}.Release|Any CPU.Build.0 = Release|Any CPU
		{6D67B632-66D0-4EDC-9943-B6488A6098D3}.Release|Itanium.ActiveCfg = Release|x86
		{6D67B632-66D0-4EDC-9943-B6488A6098D3}.Release|x86.ActiveCfg = Release|x86
		{6D67B632-66D0-4EDC-9943-B6488A6098D3}.Release|x86.Build.0 = Release|x86
		{1418D0CB-0BAA-4777-90F8-9BB0E4BB9372}.Debug|Any CPU.ActiveCfg = Debug|Any CPU
		{1418D0CB-0BAA-4777-90F8-9BB0E4BB9372}.Debug|Any CPU.Build.0 = Debug|Any CPU
		{1418D0CB-0BAA-4777-90F8-9BB0E4BB9372}.Debug|Itanium.ActiveCfg = Debug|x86
		{1418D0CB-0BAA-4777-90F8-9BB0E4BB9372}.Debug|x86.ActiveCfg = Debug|x86
		{1418D0CB-0BAA-4777-90F8-9BB0E4BB9372}.Debug|x86.Build.0 = Debug|x86
		{1418D0CB-0BAA-4777-90F8-9BB0E4BB9372}.Release|Any CPU.ActiveCfg = Release|Any CPU
		{1418D0CB-0BAA-4777-90F8-9BB0E4BB9372}.Release|Any CPU.Build.0 = Release|Any CPU
		{1418D0CB-0BAA-4777-90F8-9BB0E4BB9372}.Release|Itanium.ActiveCfg = Release|x86
		{1418D0CB-0BAA-4777-90F8-9BB0E4BB9372}.Release|x86.ActiveCfg = Release|x86
		{1418D0CB-0BAA-4777-90F8-9BB0E4BB9372}.Release|x86.Build.0 = Release|x86
		{9487621F-F5AF-473F-A6FD-794890C10B39}.Debug|Any CPU.ActiveCfg = Debug|Any CPU
		{9487621F-F5AF-473F-A6FD-794890C10B39}.Debug|Any CPU.Build.0 = Debug|Any CPU
		{9487621F-F5AF-473F-A6FD-794890C10B39}.Debug|Itanium.ActiveCfg = Debug|x86
		{9487621F-F5AF-473F-A6FD-794890C10B39}.Debug|x86.ActiveCfg = Debug|x86
		{9487621F-F5AF-473F-A6FD-794890C10B39}.Debug|x86.Build.0 = Debug|x86
		{9487621F-F5AF-473F-A6FD-794890C10B39}.Release|Any CPU.ActiveCfg = Release|Any CPU
		{9487621F-F5AF-473F-A6FD-794890C10B39}.Release|Any CPU.Build.0 = Release|Any CPU
		{9487621F-F5AF-473F-A6FD-794890C10B39}.Release|Itanium.ActiveCfg = Release|x86
		{9487621F-F5AF-473F-A6FD-794890C10B39}.Release|x86.ActiveCfg = Release|x86
		{9487621F-F5AF-473F-A6FD-794890C10B39}.Release|x86.Build.0 = Release|x86
		{8DDE29B5-495E-49D1-82A0-644B2C4B493C}.Debug|Any CPU.ActiveCfg = Debug|Any CPU
		{8DDE29B5-495E-49D1-82A0-644B2C4B493C}.Debug|Any CPU.Build.0 = Debug|Any CPU
		{8DDE29B5-495E-49D1-82A0-644B2C4B493C}.Debug|Itanium.ActiveCfg = Debug|x86
		{8DDE29B5-495E-49D1-82A0-644B2C4B493C}.Debug|x86.ActiveCfg = Debug|x86
		{8DDE29B5-495E-49D1-82A0-644B2C4B493C}.Debug|x86.Build.0 = Debug|x86
		{8DDE29B5-495E-49D1-82A0-644B2C4B493C}.Release|Any CPU.ActiveCfg = Release|Any CPU
		{8DDE29B5-495E-49D1-82A0-644B2C4B493C}.Release|Any CPU.Build.0 = Release|Any CPU
		{8DDE29B5-495E-49D1-82A0-644B2C4B493C}.Release|Itanium.ActiveCfg = Release|x86
		{8DDE29B5-495E-49D1-82A0-644B2C4B493C}.Release|x86.ActiveCfg = Release|x86
		{8DDE29B5-495E-49D1-82A0-644B2C4B493C}.Release|x86.Build.0 = Release|x86
		{C25CD246-8E4E-4B66-9A02-C0848E97E499}.Debug|Any CPU.ActiveCfg = Debug|Any CPU
		{C25CD246-8E4E-4B66-9A02-C0848E97E499}.Debug|Any CPU.Build.0 = Debug|Any CPU
		{C25CD246-8E4E-4B66-9A02-C0848E97E499}.Debug|Itanium.ActiveCfg = Debug|x86
		{C25CD246-8E4E-4B66-9A02-C0848E97E499}.Debug|x86.ActiveCfg = Debug|x86
		{C25CD246-8E4E-4B66-9A02-C0848E97E499}.Debug|x86.Build.0 = Debug|x86
		{C25CD246-8E4E-4B66-9A02-C0848E97E499}.Release|Any CPU.ActiveCfg = Release|Any CPU
		{C25CD246-8E4E-4B66-9A02-C0848E97E499}.Release|Any CPU.Build.0 = Release|Any CPU
		{C25CD246-8E4E-4B66-9A02-C0848E97E499}.Release|Itanium.ActiveCfg = Release|x86
		{C25CD246-8E4E-4B66-9A02-C0848E97E499}.Release|x86.ActiveCfg = Release|x86
		{C25CD246-8E4E-4B66-9A02-C0848E97E499}.Release|x86.Build.0 = Release|x86
		{D2305C23-DA6B-462A-8BDB-6EF267E507A6}.Debug|Any CPU.ActiveCfg = Debug|Any CPU
		{D2305C23-DA6B-462A-8BDB-6EF267E507A6}.Debug|Any CPU.Build.0 = Debug|Any CPU
		{D2305C23-DA6B-462A-8BDB-6EF267E507A6}.Debug|Itanium.ActiveCfg = Debug|x86
		{D2305C23-DA6B-462A-8BDB-6EF267E507A6}.Debug|x86.ActiveCfg = Debug|x86
		{D2305C23-DA6B-462A-8BDB-6EF267E507A6}.Debug|x86.Build.0 = Debug|x86
		{D2305C23-DA6B-462A-8BDB-6EF267E507A6}.Release|Any CPU.ActiveCfg = Release|Any CPU
		{D2305C23-DA6B-462A-8BDB-6EF267E507A6}.Release|Any CPU.Build.0 = Release|Any CPU
		{D2305C23-DA6B-462A-8BDB-6EF267E507A6}.Release|Itanium.ActiveCfg = Release|x86
		{D2305C23-DA6B-462A-8BDB-6EF267E507A6}.Release|x86.ActiveCfg = Release|x86
		{D2305C23-DA6B-462A-8BDB-6EF267E507A6}.Release|x86.Build.0 = Release|x86
		{4EE01581-8654-44EB-865F-3B7BB27D3AED}.Debug|Any CPU.ActiveCfg = Debug|Any CPU
		{4EE01581-8654-44EB-865F-3B7BB27D3AED}.Debug|Any CPU.Build.0 = Debug|Any CPU
		{4EE01581-8654-44EB-865F-3B7BB27D3AED}.Debug|Itanium.ActiveCfg = Debug|x86
		{4EE01581-8654-44EB-865F-3B7BB27D3AED}.Debug|x86.ActiveCfg = Debug|x86
		{4EE01581-8654-44EB-865F-3B7BB27D3AED}.Debug|x86.Build.0 = Debug|x86
		{4EE01581-8654-44EB-865F-3B7BB27D3AED}.Release|Any CPU.ActiveCfg = Release|Any CPU
		{4EE01581-8654-44EB-865F-3B7BB27D3AED}.Release|Any CPU.Build.0 = Release|Any CPU
		{4EE01581-8654-44EB-865F-3B7BB27D3AED}.Release|Itanium.ActiveCfg = Release|x86
		{4EE01581-8654-44EB-865F-3B7BB27D3AED}.Release|x86.ActiveCfg = Release|x86
		{4EE01581-8654-44EB-865F-3B7BB27D3AED}.Release|x86.Build.0 = Release|x86
		{076D1B63-0D5C-4F76-B30B-C94023290017}.Debug|Any CPU.ActiveCfg = Debug|Any CPU
		{076D1B63-0D5C-4F76-B30B-C94023290017}.Debug|Any CPU.Build.0 = Debug|Any CPU
		{076D1B63-0D5C-4F76-B30B-C94023290017}.Debug|Itanium.ActiveCfg = Debug|x86
		{076D1B63-0D5C-4F76-B30B-C94023290017}.Debug|x86.ActiveCfg = Debug|x86
		{076D1B63-0D5C-4F76-B30B-C94023290017}.Debug|x86.Build.0 = Debug|x86
		{076D1B63-0D5C-4F76-B30B-C94023290017}.Release|Any CPU.ActiveCfg = Release|Any CPU
		{076D1B63-0D5C-4F76-B30B-C94023290017}.Release|Any CPU.Build.0 = Release|Any CPU
		{076D1B63-0D5C-4F76-B30B-C94023290017}.Release|Itanium.ActiveCfg = Release|x86
		{076D1B63-0D5C-4F76-B30B-C94023290017}.Release|x86.ActiveCfg = Release|x86
		{076D1B63-0D5C-4F76-B30B-C94023290017}.Release|x86.Build.0 = Release|x86
		{E927ECC9-383B-4812-8167-48F712C5A769}.Debug|Any CPU.ActiveCfg = Debug|Any CPU
		{E927ECC9-383B-4812-8167-48F712C5A769}.Debug|Any CPU.Build.0 = Debug|Any CPU
		{E927ECC9-383B-4812-8167-48F712C5A769}.Debug|Itanium.ActiveCfg = Debug|x86
		{E927ECC9-383B-4812-8167-48F712C5A769}.Debug|x86.ActiveCfg = Debug|x86
		{E927ECC9-383B-4812-8167-48F712C5A769}.Debug|x86.Build.0 = Debug|x86
		{E927ECC9-383B-4812-8167-48F712C5A769}.Release|Any CPU.ActiveCfg = Release|Any CPU
		{E927ECC9-383B-4812-8167-48F712C5A769}.Release|Any CPU.Build.0 = Release|Any CPU
		{E927ECC9-383B-4812-8167-48F712C5A769}.Release|Itanium.ActiveCfg = Release|x86
		{E927ECC9-383B-4812-8167-48F712C5A769}.Release|x86.ActiveCfg = Release|x86
		{E927ECC9-383B-4812-8167-48F712C5A769}.Release|x86.Build.0 = Release|x86
		{78959415-5FC9-4092-BE9F-A5380FB100DF}.Debug|Any CPU.ActiveCfg = Debug|Any CPU
		{78959415-5FC9-4092-BE9F-A5380FB100DF}.Debug|Any CPU.Build.0 = Debug|Any CPU
		{78959415-5FC9-4092-BE9F-A5380FB100DF}.Debug|Itanium.ActiveCfg = Debug|x86
		{78959415-5FC9-4092-BE9F-A5380FB100DF}.Debug|x86.ActiveCfg = Debug|x86
		{78959415-5FC9-4092-BE9F-A5380FB100DF}.Debug|x86.Build.0 = Debug|x86
		{78959415-5FC9-4092-BE9F-A5380FB100DF}.Release|Any CPU.ActiveCfg = Release|Any CPU
		{78959415-5FC9-4092-BE9F-A5380FB100DF}.Release|Any CPU.Build.0 = Release|Any CPU
		{78959415-5FC9-4092-BE9F-A5380FB100DF}.Release|Itanium.ActiveCfg = Release|x86
		{78959415-5FC9-4092-BE9F-A5380FB100DF}.Release|x86.ActiveCfg = Release|x86
		{78959415-5FC9-4092-BE9F-A5380FB100DF}.Release|x86.Build.0 = Release|x86
		{E13714AA-CE10-4A69-85A0-3EAF21227265}.Debug|Any CPU.ActiveCfg = Debug|Any CPU
		{E13714AA-CE10-4A69-85A0-3EAF21227265}.Debug|Any CPU.Build.0 = Debug|Any CPU
		{E13714AA-CE10-4A69-85A0-3EAF21227265}.Debug|Itanium.ActiveCfg = Debug|x86
		{E13714AA-CE10-4A69-85A0-3EAF21227265}.Debug|x86.ActiveCfg = Debug|x86
		{E13714AA-CE10-4A69-85A0-3EAF21227265}.Debug|x86.Build.0 = Debug|x86
		{E13714AA-CE10-4A69-85A0-3EAF21227265}.Release|Any CPU.ActiveCfg = Release|Any CPU
		{E13714AA-CE10-4A69-85A0-3EAF21227265}.Release|Any CPU.Build.0 = Release|Any CPU
		{E13714AA-CE10-4A69-85A0-3EAF21227265}.Release|Itanium.ActiveCfg = Release|x86
		{E13714AA-CE10-4A69-85A0-3EAF21227265}.Release|x86.ActiveCfg = Release|x86
		{E13714AA-CE10-4A69-85A0-3EAF21227265}.Release|x86.Build.0 = Release|x86
		{CC12AABD-F887-4EE6-9AC2-55F3706F5F58}.Debug|Any CPU.ActiveCfg = Debug|Any CPU
		{CC12AABD-F887-4EE6-9AC2-55F3706F5F58}.Debug|Any CPU.Build.0 = Debug|Any CPU
		{CC12AABD-F887-4EE6-9AC2-55F3706F5F58}.Debug|Itanium.ActiveCfg = Debug|Itanium
		{CC12AABD-F887-4EE6-9AC2-55F3706F5F58}.Debug|Itanium.Build.0 = Debug|Itanium
		{CC12AABD-F887-4EE6-9AC2-55F3706F5F58}.Debug|x86.ActiveCfg = Debug|x86
		{CC12AABD-F887-4EE6-9AC2-55F3706F5F58}.Debug|x86.Build.0 = Debug|x86
		{CC12AABD-F887-4EE6-9AC2-55F3706F5F58}.Release|Any CPU.ActiveCfg = Release|Any CPU
		{CC12AABD-F887-4EE6-9AC2-55F3706F5F58}.Release|Any CPU.Build.0 = Release|Any CPU
		{CC12AABD-F887-4EE6-9AC2-55F3706F5F58}.Release|Itanium.ActiveCfg = Release|Itanium
		{CC12AABD-F887-4EE6-9AC2-55F3706F5F58}.Release|Itanium.Build.0 = Release|Itanium
		{CC12AABD-F887-4EE6-9AC2-55F3706F5F58}.Release|x86.ActiveCfg = Release|x86
		{CC12AABD-F887-4EE6-9AC2-55F3706F5F58}.Release|x86.Build.0 = Release|x86
		{CC5D5149-0092-4508-AC34-2ABE1468A1C9}.Debug|Any CPU.ActiveCfg = Debug|Any CPU
		{CC5D5149-0092-4508-AC34-2ABE1468A1C9}.Debug|Any CPU.Build.0 = Debug|Any CPU
		{CC5D5149-0092-4508-AC34-2ABE1468A1C9}.Debug|Itanium.ActiveCfg = Debug|x86
		{CC5D5149-0092-4508-AC34-2ABE1468A1C9}.Debug|x86.ActiveCfg = Debug|x86
		{CC5D5149-0092-4508-AC34-2ABE1468A1C9}.Debug|x86.Build.0 = Debug|x86
		{CC5D5149-0092-4508-AC34-2ABE1468A1C9}.Release|Any CPU.ActiveCfg = Release|Any CPU
		{CC5D5149-0092-4508-AC34-2ABE1468A1C9}.Release|Any CPU.Build.0 = Release|Any CPU
		{CC5D5149-0092-4508-AC34-2ABE1468A1C9}.Release|Itanium.ActiveCfg = Release|x86
		{CC5D5149-0092-4508-AC34-2ABE1468A1C9}.Release|x86.ActiveCfg = Release|x86
		{CC5D5149-0092-4508-AC34-2ABE1468A1C9}.Release|x86.Build.0 = Release|x86
		{FEBB8F47-F62A-419F-AC1B-B10E672DE624}.Debug|Any CPU.ActiveCfg = Debug|Any CPU
		{FEBB8F47-F62A-419F-AC1B-B10E672DE624}.Debug|Any CPU.Build.0 = Debug|Any CPU
		{FEBB8F47-F62A-419F-AC1B-B10E672DE624}.Debug|Itanium.ActiveCfg = Debug|x86
		{FEBB8F47-F62A-419F-AC1B-B10E672DE624}.Debug|x86.ActiveCfg = Debug|x86
		{FEBB8F47-F62A-419F-AC1B-B10E672DE624}.Debug|x86.Build.0 = Debug|x86
		{FEBB8F47-F62A-419F-AC1B-B10E672DE624}.Release|Any CPU.ActiveCfg = Release|Any CPU
		{FEBB8F47-F62A-419F-AC1B-B10E672DE624}.Release|Any CPU.Build.0 = Release|Any CPU
		{FEBB8F47-F62A-419F-AC1B-B10E672DE624}.Release|Itanium.ActiveCfg = Release|x86
		{FEBB8F47-F62A-419F-AC1B-B10E672DE624}.Release|x86.ActiveCfg = Release|x86
		{FEBB8F47-F62A-419F-AC1B-B10E672DE624}.Release|x86.Build.0 = Release|x86
		{8DD0457B-4AF0-4CB3-A7BB-35DAC5665C50}.Debug|Any CPU.ActiveCfg = Debug|Any CPU
		{8DD0457B-4AF0-4CB3-A7BB-35DAC5665C50}.Debug|Any CPU.Build.0 = Debug|Any CPU
		{8DD0457B-4AF0-4CB3-A7BB-35DAC5665C50}.Debug|Itanium.ActiveCfg = Debug|x86
		{8DD0457B-4AF0-4CB3-A7BB-35DAC5665C50}.Debug|x86.ActiveCfg = Debug|x86
		{8DD0457B-4AF0-4CB3-A7BB-35DAC5665C50}.Debug|x86.Build.0 = Debug|x86
		{8DD0457B-4AF0-4CB3-A7BB-35DAC5665C50}.Release|Any CPU.ActiveCfg = Release|Any CPU
		{8DD0457B-4AF0-4CB3-A7BB-35DAC5665C50}.Release|Any CPU.Build.0 = Release|Any CPU
		{8DD0457B-4AF0-4CB3-A7BB-35DAC5665C50}.Release|Itanium.ActiveCfg = Release|x86
		{8DD0457B-4AF0-4CB3-A7BB-35DAC5665C50}.Release|x86.ActiveCfg = Release|x86
		{8DD0457B-4AF0-4CB3-A7BB-35DAC5665C50}.Release|x86.Build.0 = Release|x86
		{73A47044-27C0-4683-8970-4F0351CAC1DC}.Debug|Any CPU.ActiveCfg = Debug|Any CPU
		{73A47044-27C0-4683-8970-4F0351CAC1DC}.Debug|Any CPU.Build.0 = Debug|Any CPU
		{73A47044-27C0-4683-8970-4F0351CAC1DC}.Debug|Itanium.ActiveCfg = Debug|x86
		{73A47044-27C0-4683-8970-4F0351CAC1DC}.Debug|x86.ActiveCfg = Debug|x86
		{73A47044-27C0-4683-8970-4F0351CAC1DC}.Debug|x86.Build.0 = Debug|x86
		{73A47044-27C0-4683-8970-4F0351CAC1DC}.Release|Any CPU.ActiveCfg = Release|Any CPU
		{73A47044-27C0-4683-8970-4F0351CAC1DC}.Release|Any CPU.Build.0 = Release|Any CPU
		{73A47044-27C0-4683-8970-4F0351CAC1DC}.Release|Itanium.ActiveCfg = Release|x86
		{73A47044-27C0-4683-8970-4F0351CAC1DC}.Release|x86.ActiveCfg = Release|x86
		{73A47044-27C0-4683-8970-4F0351CAC1DC}.Release|x86.Build.0 = Release|x86
		{658F9851-4D1C-4D57-904E-F9D7DA7F24FC}.Debug|Any CPU.ActiveCfg = Debug|Any CPU
		{658F9851-4D1C-4D57-904E-F9D7DA7F24FC}.Debug|Any CPU.Build.0 = Debug|Any CPU
		{658F9851-4D1C-4D57-904E-F9D7DA7F24FC}.Debug|Itanium.ActiveCfg = Debug|x86
		{658F9851-4D1C-4D57-904E-F9D7DA7F24FC}.Debug|x86.ActiveCfg = Debug|x86
		{658F9851-4D1C-4D57-904E-F9D7DA7F24FC}.Debug|x86.Build.0 = Debug|x86
		{658F9851-4D1C-4D57-904E-F9D7DA7F24FC}.Release|Any CPU.ActiveCfg = Release|Any CPU
		{658F9851-4D1C-4D57-904E-F9D7DA7F24FC}.Release|Any CPU.Build.0 = Release|Any CPU
		{658F9851-4D1C-4D57-904E-F9D7DA7F24FC}.Release|Itanium.ActiveCfg = Release|x86
		{658F9851-4D1C-4D57-904E-F9D7DA7F24FC}.Release|x86.ActiveCfg = Release|x86
		{658F9851-4D1C-4D57-904E-F9D7DA7F24FC}.Release|x86.Build.0 = Release|x86
	EndGlobalSection
	GlobalSection(SolutionProperties) = preSolution
		HideSolutionNode = FALSE
	EndGlobalSection
EndGlobal
