
Microsoft Visual Studio Solution File, Format Version 11.00
# Visual Studio 2010
Project("{FAE04EC0-301F-11D3-BF4B-00C04F79EFBC}") = "gloClinicalQueueGeneral", "gloClinicalQueueGeneral.csproj", "{F4774319-666F-44A3-8178-7E719ECDEF56}"
EndProject
Project("{FAE04EC0-301F-11D3-BF4B-00C04F79EFBC}") = "gloPrintDialog", "..\..\gloPrintDialog\gloPrintDialog.csproj", "{8DD0457B-4AF0-4CB3-A7BB-35DAC5665C50}"
EndProject
Project("{FAE04EC0-301F-11D3-BF4B-00C04F79EFBC}") = "gloAuditTrail", "..\..\gloAuditTrail\gloAuditTrail.csproj", "{3F4FA298-6C2B-4635-94A0-B0FB20F9AAAF}"
EndProject
Project("{FAE04EC0-301F-11D3-BF4B-00C04F79EFBC}") = "gloDatabaseLayer", "..\..\gloDatabaseLayer\gloDatabaseLayer.csproj", "{6D67B632-66D0-4EDC-9943-B6488A6098D3}"
EndProject
Project("{FAE04EC0-301F-11D3-BF4B-00C04F79EFBC}") = "gloGlobal", "..\..\gloGlobal\gloGlobal.csproj", "{1418D0CB-0BAA-4777-90F8-9BB0E4BB9372}"
EndProject
Project("{F184B08F-C81C-45F6-A57F-5ABD9991F28F}") = "gloWord", "..\..\gloWord\gloWord.vbproj", "{DF7A4D19-B508-499E-BF16-347DA844D1D3}"
EndProject
Project("{FAE04EC0-301F-11D3-BF4B-00C04F79EFBC}") = "gloDateMaster", "..\..\gloDateMaster\gloDateMaster.csproj", "{ECD171D2-F407-41D5-AC83-C4F6A692EAF2}"
EndProject
Project("{FAE04EC0-301F-11D3-BF4B-00C04F79EFBC}") = "gloGeneralItem", "..\..\gloGeneralItem\gloGeneralItem.csproj", "{076D1B63-0D5C-4F76-B30B-C94023290017}"
EndProject
Project("{FAE04EC0-301F-11D3-BF4B-00C04F79EFBC}") = "gloGeneralNode", "..\..\gloGeneralNode\gloGeneralNode.csproj", "{16E2F827-0ADC-4430-A466-93B96055E227}"
EndProject
Global
	GlobalSection(TeamFoundationVersionControl) = preSolution
		SccNumberOfProjects = 10
		SccEnterpriseProvider = {4CA58AB2-18FA-4F8D-95D4-32DDF27D184C}
		SccTeamFoundationServer = http://glosvr03:8080/tfs/defaultcollection
		SccLocalPath0 = .
		SccProjectUniqueName1 = gloClinicalQueueGeneral.csproj
		SccLocalPath1 = .
		SccProjectUniqueName2 = ..\\..\\gloPrintDialog\\gloPrintDialog.csproj
		SccProjectName2 = ../../gloPrintDialog
		SccLocalPath2 = ..\\..\\gloPrintDialog
		SccProjectUniqueName3 = ..\\..\\gloAuditTrail\\gloAuditTrail.csproj
		SccProjectName3 = ../../gloAuditTrail
		SccLocalPath3 = ..\\..\\gloAuditTrail
		SccProjectUniqueName4 = ..\\..\\gloDatabaseLayer\\gloDatabaseLayer.csproj
		SccProjectName4 = ../../gloDatabaseLayer
		SccLocalPath4 = ..\\..\\gloDatabaseLayer
		SccProjectUniqueName5 = ..\\..\\gloGlobal\\gloGlobal.csproj
		SccProjectName5 = ../../gloGlobal
		SccLocalPath5 = ..\\..\\gloGlobal
		SccProjectUniqueName6 = ..\\..\\gloWord\\gloWord.vbproj
		SccProjectName6 = ../../gloWord
		SccLocalPath6 = ..\\..\\gloWord
		SccProjectUniqueName7 = ..\\..\\gloDateMaster\\gloDateMaster.csproj
		SccProjectName7 = ../../gloDateMaster
		SccLocalPath7 = ..\\..\\gloDateMaster
		SccProjectUniqueName8 = ..\\..\\gloGeneralItem\\gloGeneralItem.csproj
		SccProjectName8 = ../../gloGeneralItem
		SccLocalPath8 = ..\\..\\gloGeneralItem
		SccProjectUniqueName9 = ..\\..\\gloGeneralNode\\gloGeneralNode.csproj
		SccProjectName9 = ../../gloGeneralNode
		SccLocalPath9 = ..\\..\\gloGeneralNode
	EndGlobalSection
	GlobalSection(SolutionConfigurationPlatforms) = preSolution
		Debug|Any CPU = Debug|Any CPU
		Debug|x86 = Debug|x86
		Release|Any CPU = Release|Any CPU
		Release|x86 = Release|x86
	EndGlobalSection
	GlobalSection(ProjectConfigurationPlatforms) = postSolution
		{F4774319-666F-44A3-8178-7E719ECDEF56}.Debug|Any CPU.ActiveCfg = Debug|x86
		{F4774319-666F-44A3-8178-7E719ECDEF56}.Debug|Any CPU.Build.0 = Debug|x86
		{F4774319-666F-44A3-8178-7E719ECDEF56}.Debug|x86.ActiveCfg = Debug|x86
		{F4774319-666F-44A3-8178-7E719ECDEF56}.Debug|x86.Build.0 = Debug|x86
		{F4774319-666F-44A3-8178-7E719ECDEF56}.Release|Any CPU.ActiveCfg = Release|Any CPU
		{F4774319-666F-44A3-8178-7E719ECDEF56}.Release|Any CPU.Build.0 = Release|Any CPU
		{F4774319-666F-44A3-8178-7E719ECDEF56}.Release|x86.ActiveCfg = Release|x86
		{F4774319-666F-44A3-8178-7E719ECDEF56}.Release|x86.Build.0 = Release|x86
		{8DD0457B-4AF0-4CB3-A7BB-35DAC5665C50}.Debug|Any CPU.ActiveCfg = Debug|x86
		{8DD0457B-4AF0-4CB3-A7BB-35DAC5665C50}.Debug|Any CPU.Build.0 = Debug|x86
		{8DD0457B-4AF0-4CB3-A7BB-35DAC5665C50}.Debug|x86.ActiveCfg = Debug|x86
		{8DD0457B-4AF0-4CB3-A7BB-35DAC5665C50}.Debug|x86.Build.0 = Debug|x86
		{8DD0457B-4AF0-4CB3-A7BB-35DAC5665C50}.Release|Any CPU.ActiveCfg = Release|Any CPU
		{8DD0457B-4AF0-4CB3-A7BB-35DAC5665C50}.Release|Any CPU.Build.0 = Release|Any CPU
		{8DD0457B-4AF0-4CB3-A7BB-35DAC5665C50}.Release|x86.ActiveCfg = Release|x86
		{8DD0457B-4AF0-4CB3-A7BB-35DAC5665C50}.Release|x86.Build.0 = Release|x86
		{3F4FA298-6C2B-4635-94A0-B0FB20F9AAAF}.Debug|Any CPU.ActiveCfg = Debug|x86
		{3F4FA298-6C2B-4635-94A0-B0FB20F9AAAF}.Debug|Any CPU.Build.0 = Debug|x86
		{3F4FA298-6C2B-4635-94A0-B0FB20F9AAAF}.Debug|x86.ActiveCfg = Debug|x86
		{3F4FA298-6C2B-4635-94A0-B0FB20F9AAAF}.Debug|x86.Build.0 = Debug|x86
		{3F4FA298-6C2B-4635-94A0-B0FB20F9AAAF}.Release|Any CPU.ActiveCfg = Release|Any CPU
		{3F4FA298-6C2B-4635-94A0-B0FB20F9AAAF}.Release|Any CPU.Build.0 = Release|Any CPU
		{3F4FA298-6C2B-4635-94A0-B0FB20F9AAAF}.Release|x86.ActiveCfg = Release|x86
		{3F4FA298-6C2B-4635-94A0-B0FB20F9AAAF}.Release|x86.Build.0 = Release|x86
		{6D67B632-66D0-4EDC-9943-B6488A6098D3}.Debug|Any CPU.ActiveCfg = Debug|x86
		{6D67B632-66D0-4EDC-9943-B6488A6098D3}.Debug|Any CPU.Build.0 = Debug|x86
		{6D67B632-66D0-4EDC-9943-B6488A6098D3}.Debug|x86.ActiveCfg = Debug|x86
		{6D67B632-66D0-4EDC-9943-B6488A6098D3}.Debug|x86.Build.0 = Debug|x86
		{6D67B632-66D0-4EDC-9943-B6488A6098D3}.Release|Any CPU.ActiveCfg = Release|Any CPU
		{6D67B632-66D0-4EDC-9943-B6488A6098D3}.Release|Any CPU.Build.0 = Release|Any CPU
		{6D67B632-66D0-4EDC-9943-B6488A6098D3}.Release|x86.ActiveCfg = Release|x86
		{6D67B632-66D0-4EDC-9943-B6488A6098D3}.Release|x86.Build.0 = Release|x86
		{1418D0CB-0BAA-4777-90F8-9BB0E4BB9372}.Debug|Any CPU.ActiveCfg = Debug|x86
		{1418D0CB-0BAA-4777-90F8-9BB0E4BB9372}.Debug|Any CPU.Build.0 = Debug|x86
		{1418D0CB-0BAA-4777-90F8-9BB0E4BB9372}.Debug|x86.ActiveCfg = Debug|x86
		{1418D0CB-0BAA-4777-90F8-9BB0E4BB9372}.Debug|x86.Build.0 = Debug|x86
		{1418D0CB-0BAA-4777-90F8-9BB0E4BB9372}.Release|Any CPU.ActiveCfg = Release|Any CPU
		{1418D0CB-0BAA-4777-90F8-9BB0E4BB9372}.Release|Any CPU.Build.0 = Release|Any CPU
		{1418D0CB-0BAA-4777-90F8-9BB0E4BB9372}.Release|x86.ActiveCfg = Release|x86
		{1418D0CB-0BAA-4777-90F8-9BB0E4BB9372}.Release|x86.Build.0 = Release|x86
		{DF7A4D19-B508-499E-BF16-347DA844D1D3}.Debug|Any CPU.ActiveCfg = Debug|x86
		{DF7A4D19-B508-499E-BF16-347DA844D1D3}.Debug|Any CPU.Build.0 = Debug|x86
		{DF7A4D19-B508-499E-BF16-347DA844D1D3}.Debug|x86.ActiveCfg = Debug|x86
		{DF7A4D19-B508-499E-BF16-347DA844D1D3}.Debug|x86.Build.0 = Debug|x86
		{DF7A4D19-B508-499E-BF16-347DA844D1D3}.Release|Any CPU.ActiveCfg = Release|Any CPU
		{DF7A4D19-B508-499E-BF16-347DA844D1D3}.Release|Any CPU.Build.0 = Release|Any CPU
		{DF7A4D19-B508-499E-BF16-347DA844D1D3}.Release|x86.ActiveCfg = Release|x86
		{DF7A4D19-B508-499E-BF16-347DA844D1D3}.Release|x86.Build.0 = Release|x86
		{ECD171D2-F407-41D5-AC83-C4F6A692EAF2}.Debug|Any CPU.ActiveCfg = Debug|x86
		{ECD171D2-F407-41D5-AC83-C4F6A692EAF2}.Debug|Any CPU.Build.0 = Debug|x86
		{ECD171D2-F407-41D5-AC83-C4F6A692EAF2}.Debug|x86.ActiveCfg = Debug|x86
		{ECD171D2-F407-41D5-AC83-C4F6A692EAF2}.Debug|x86.Build.0 = Debug|x86
		{ECD171D2-F407-41D5-AC83-C4F6A692EAF2}.Release|Any CPU.ActiveCfg = Release|Any CPU
		{ECD171D2-F407-41D5-AC83-C4F6A692EAF2}.Release|Any CPU.Build.0 = Release|Any CPU
		{ECD171D2-F407-41D5-AC83-C4F6A692EAF2}.Release|x86.ActiveCfg = Release|x86
		{ECD171D2-F407-41D5-AC83-C4F6A692EAF2}.Release|x86.Build.0 = Release|x86
		{076D1B63-0D5C-4F76-B30B-C94023290017}.Debug|Any CPU.ActiveCfg = Debug|x86
		{076D1B63-0D5C-4F76-B30B-C94023290017}.Debug|Any CPU.Build.0 = Debug|x86
		{076D1B63-0D5C-4F76-B30B-C94023290017}.Debug|x86.ActiveCfg = Debug|x86
		{076D1B63-0D5C-4F76-B30B-C94023290017}.Debug|x86.Build.0 = Debug|x86
		{076D1B63-0D5C-4F76-B30B-C94023290017}.Release|Any CPU.ActiveCfg = Release|Any CPU
		{076D1B63-0D5C-4F76-B30B-C94023290017}.Release|Any CPU.Build.0 = Release|Any CPU
		{076D1B63-0D5C-4F76-B30B-C94023290017}.Release|x86.ActiveCfg = Release|x86
		{076D1B63-0D5C-4F76-B30B-C94023290017}.Release|x86.Build.0 = Release|x86
		{16E2F827-0ADC-4430-A466-93B96055E227}.Debug|Any CPU.ActiveCfg = Debug|x86
		{16E2F827-0ADC-4430-A466-93B96055E227}.Debug|Any CPU.Build.0 = Debug|x86
		{16E2F827-0ADC-4430-A466-93B96055E227}.Debug|x86.ActiveCfg = Debug|x86
		{16E2F827-0ADC-4430-A466-93B96055E227}.Debug|x86.Build.0 = Debug|x86
		{16E2F827-0ADC-4430-A466-93B96055E227}.Release|Any CPU.ActiveCfg = Release|Any CPU
		{16E2F827-0ADC-4430-A466-93B96055E227}.Release|Any CPU.Build.0 = Release|Any CPU
		{16E2F827-0ADC-4430-A466-93B96055E227}.Release|x86.ActiveCfg = Release|x86
		{16E2F827-0ADC-4430-A466-93B96055E227}.Release|x86.Build.0 = Release|x86
	EndGlobalSection
	GlobalSection(SolutionProperties) = preSolution
		HideSolutionNode = FALSE
	EndGlobalSection
EndGlobal
