
Microsoft Visual Studio Solution File, Format Version 10.00
# Visual Studio 2008
Project("{FAE04EC0-301F-11D3-BF4B-00C04F79EFBC}") = "gloSettings", "..\gloSettings\gloSettings.csproj", "{52DDAD83-38A4-4130-9D1E-B2F8CAE8DD71}"
EndProject
Project("{FAE04EC0-301F-11D3-BF4B-00C04F79EFBC}") = "gloDatabaseLayer", "..\gloDatabaseLayer\gloDatabaseLayer.csproj", "{6D67B632-66D0-4EDC-9943-B6488A6098D3}"
EndProject
Project("{FAE04EC0-301F-11D3-BF4B-00C04F79EFBC}") = "gloSecurity", "..\gloSecurity\gloSecurity.csproj", "{7BFA9168-E479-4217-B7BB-A9440D38CDFB}"
EndProject
Project("{FAE04EC0-301F-11D3-BF4B-00C04F79EFBC}") = "gloAuditTrail", "..\gloAuditTrail\gloAuditTrail.csproj", "{3F4FA298-6C2B-4635-94A0-B0FB20F9AAAF}"
EndProject
Project("{FAE04EC0-301F-11D3-BF4B-00C04F79EFBC}") = "gloUserRights", "..\gloUserRights\gloUserRights.csproj", "{9487621F-F5AF-473F-A6FD-794890C10B39}"
EndProject
Project("{FAE04EC0-301F-11D3-BF4B-00C04F79EFBC}") = "gloSSRSApplication", "Project_Reportview\gloSSRSApplication.csproj", "{C25CD246-8E4E-4B66-9A02-C0848E97E499}"
EndProject
Global
	GlobalSection(TeamFoundationVersionControl) = preSolution
		SccNumberOfProjects = 7
		SccEnterpriseProvider = {4CA58AB2-18FA-4F8D-95D4-32DDF27D184C}
		SccTeamFoundationServer = http://glosvr04:8080/tfs/DefaultCollection
		SccLocalPath0 = .
		SccProjectUniqueName1 = ..\\gloSettings\\gloSettings.csproj
		SccProjectName1 = ../gloSettings
		SccLocalPath1 = ..\\gloSettings
		SccProjectUniqueName2 = ..\\gloDatabaseLayer\\gloDatabaseLayer.csproj
		SccProjectName2 = ../gloDatabaseLayer
		SccLocalPath2 = ..\\gloDatabaseLayer
		SccProjectUniqueName3 = ..\\gloSecurity\\gloSecurity.csproj
		SccProjectName3 = ../gloSecurity
		SccLocalPath3 = ..\\gloSecurity
		SccProjectUniqueName4 = ..\\gloAuditTrail\\gloAuditTrail.csproj
		SccProjectName4 = ../gloAuditTrail
		SccLocalPath4 = ..\\gloAuditTrail
		SccProjectUniqueName5 = ..\\gloUserRights\\gloUserRights.csproj
		SccProjectName5 = ../gloUserRights
		SccLocalPath5 = ..\\gloUserRights
		SccProjectUniqueName6 = Project_Reportview\\gloSSRSApplication.csproj
		SccProjectName6 = Project_Reportview
		SccLocalPath6 = Project_Reportview
	EndGlobalSection
	GlobalSection(SolutionConfigurationPlatforms) = preSolution
		Debug|Any CPU = Debug|Any CPU
		Debug|x86 = Debug|x86
		Release|Any CPU = Release|Any CPU
		Release|x86 = Release|x86
	EndGlobalSection
	GlobalSection(ProjectConfigurationPlatforms) = postSolution
		{52DDAD83-38A4-4130-9D1E-B2F8CAE8DD71}.Debug|Any CPU.ActiveCfg = Debug|Any CPU
		{52DDAD83-38A4-4130-9D1E-B2F8CAE8DD71}.Debug|Any CPU.Build.0 = Debug|Any CPU
		{52DDAD83-38A4-4130-9D1E-B2F8CAE8DD71}.Debug|x86.ActiveCfg = Debug|x86
		{52DDAD83-38A4-4130-9D1E-B2F8CAE8DD71}.Debug|x86.Build.0 = Debug|x86
		{52DDAD83-38A4-4130-9D1E-B2F8CAE8DD71}.Release|Any CPU.ActiveCfg = Release|Any CPU
		{52DDAD83-38A4-4130-9D1E-B2F8CAE8DD71}.Release|Any CPU.Build.0 = Release|Any CPU
		{52DDAD83-38A4-4130-9D1E-B2F8CAE8DD71}.Release|x86.ActiveCfg = Release|x86
		{52DDAD83-38A4-4130-9D1E-B2F8CAE8DD71}.Release|x86.Build.0 = Release|x86
		{6D67B632-66D0-4EDC-9943-B6488A6098D3}.Debug|Any CPU.ActiveCfg = Debug|Any CPU
		{6D67B632-66D0-4EDC-9943-B6488A6098D3}.Debug|Any CPU.Build.0 = Debug|Any CPU
		{6D67B632-66D0-4EDC-9943-B6488A6098D3}.Debug|x86.ActiveCfg = Debug|x86
		{6D67B632-66D0-4EDC-9943-B6488A6098D3}.Debug|x86.Build.0 = Debug|x86
		{6D67B632-66D0-4EDC-9943-B6488A6098D3}.Release|Any CPU.ActiveCfg = Release|Any CPU
		{6D67B632-66D0-4EDC-9943-B6488A6098D3}.Release|Any CPU.Build.0 = Release|Any CPU
		{6D67B632-66D0-4EDC-9943-B6488A6098D3}.Release|x86.ActiveCfg = Release|x86
		{6D67B632-66D0-4EDC-9943-B6488A6098D3}.Release|x86.Build.0 = Release|x86
		{7BFA9168-E479-4217-B7BB-A9440D38CDFB}.Debug|Any CPU.ActiveCfg = Debug|Any CPU
		{7BFA9168-E479-4217-B7BB-A9440D38CDFB}.Debug|Any CPU.Build.0 = Debug|Any CPU
		{7BFA9168-E479-4217-B7BB-A9440D38CDFB}.Debug|x86.ActiveCfg = Debug|x86
		{7BFA9168-E479-4217-B7BB-A9440D38CDFB}.Debug|x86.Build.0 = Debug|x86
		{7BFA9168-E479-4217-B7BB-A9440D38CDFB}.Release|Any CPU.ActiveCfg = Release|Any CPU
		{7BFA9168-E479-4217-B7BB-A9440D38CDFB}.Release|Any CPU.Build.0 = Release|Any CPU
		{7BFA9168-E479-4217-B7BB-A9440D38CDFB}.Release|x86.ActiveCfg = Release|x86
		{7BFA9168-E479-4217-B7BB-A9440D38CDFB}.Release|x86.Build.0 = Release|x86
		{3F4FA298-6C2B-4635-94A0-B0FB20F9AAAF}.Debug|Any CPU.ActiveCfg = Debug|Any CPU
		{3F4FA298-6C2B-4635-94A0-B0FB20F9AAAF}.Debug|Any CPU.Build.0 = Debug|Any CPU
		{3F4FA298-6C2B-4635-94A0-B0FB20F9AAAF}.Debug|x86.ActiveCfg = Debug|x86
		{3F4FA298-6C2B-4635-94A0-B0FB20F9AAAF}.Debug|x86.Build.0 = Debug|x86
		{3F4FA298-6C2B-4635-94A0-B0FB20F9AAAF}.Release|Any CPU.ActiveCfg = Release|Any CPU
		{3F4FA298-6C2B-4635-94A0-B0FB20F9AAAF}.Release|Any CPU.Build.0 = Release|Any CPU
		{3F4FA298-6C2B-4635-94A0-B0FB20F9AAAF}.Release|x86.ActiveCfg = Release|x86
		{3F4FA298-6C2B-4635-94A0-B0FB20F9AAAF}.Release|x86.Build.0 = Release|x86
		{9487621F-F5AF-473F-A6FD-794890C10B39}.Debug|Any CPU.ActiveCfg = Debug|Any CPU
		{9487621F-F5AF-473F-A6FD-794890C10B39}.Debug|Any CPU.Build.0 = Debug|Any CPU
		{9487621F-F5AF-473F-A6FD-794890C10B39}.Debug|x86.ActiveCfg = Debug|x86
		{9487621F-F5AF-473F-A6FD-794890C10B39}.Debug|x86.Build.0 = Debug|x86
		{9487621F-F5AF-473F-A6FD-794890C10B39}.Release|Any CPU.ActiveCfg = Release|Any CPU
		{9487621F-F5AF-473F-A6FD-794890C10B39}.Release|Any CPU.Build.0 = Release|Any CPU
		{9487621F-F5AF-473F-A6FD-794890C10B39}.Release|x86.ActiveCfg = Release|x86
		{9487621F-F5AF-473F-A6FD-794890C10B39}.Release|x86.Build.0 = Release|x86
		{C25CD246-8E4E-4B66-9A02-C0848E97E499}.Debug|Any CPU.ActiveCfg = Debug|Any CPU
		{C25CD246-8E4E-4B66-9A02-C0848E97E499}.Debug|Any CPU.Build.0 = Debug|Any CPU
		{C25CD246-8E4E-4B66-9A02-C0848E97E499}.Debug|x86.ActiveCfg = Debug|Any CPU
		{C25CD246-8E4E-4B66-9A02-C0848E97E499}.Release|Any CPU.ActiveCfg = Release|Any CPU
		{C25CD246-8E4E-4B66-9A02-C0848E97E499}.Release|Any CPU.Build.0 = Release|Any CPU
		{C25CD246-8E4E-4B66-9A02-C0848E97E499}.Release|x86.ActiveCfg = Release|Any CPU
	EndGlobalSection
	GlobalSection(SolutionProperties) = preSolution
		HideSolutionNode = FALSE
	EndGlobalSection
EndGlobal
