
Microsoft Visual Studio Solution File, Format Version 11.00
# Visual Studio 2010
Project("{FAE04EC0-301F-11D3-BF4B-00C04F79EFBC}") = "gloPrintDialog", "gloPrintDialog.csproj", "{8DD0457B-4AF0-4CB3-A7BB-35DAC5665C50}"
EndProject
Project("{FAE04EC0-301F-11D3-BF4B-00C04F79EFBC}") = "gloPDFPrint", "..\gloPDFPrint\gloPDFPrint.csproj", "{B13A043B-1BAE-49AA-8F92-B1CDD77F0BF2}"
EndProject
Project("{FAE04EC0-301F-11D3-BF4B-00C04F79EFBC}") = "gloDatabaseLayer", "..\gloDatabaseLayer\gloDatabaseLayer.csproj", "{6D67B632-66D0-4EDC-9943-B6488A6098D3}"
EndProject
Project("{FAE04EC0-301F-11D3-BF4B-00C04F79EFBC}") = "gloAuditTrail", "..\gloAuditTrail\gloAuditTrail.csproj", "{3F4FA298-6C2B-4635-94A0-B0FB20F9AAAF}"
EndProject
Project("{FAE04EC0-301F-11D3-BF4B-00C04F79EFBC}") = "gloGlobal", "..\gloGlobal\gloGlobal.csproj", "{1418D0CB-0BAA-4777-90F8-9BB0E4BB9372}"
EndProject
Project("{FAE04EC0-301F-11D3-BF4B-00C04F79EFBC}") = "gloClinicalQueueGeneral", "..\gloClinicalQueueGeneral\gloClinicalQueueGeneral\gloClinicalQueueGeneral.csproj", "{F4774319-666F-44A3-8178-7E719ECDEF56}"
EndProject
Global
	GlobalSection(TeamFoundationVersionControl) = preSolution
		SccNumberOfProjects = 7
		SccEnterpriseProvider = {4CA58AB2-18FA-4F8D-95D4-32DDF27D184C}
		SccTeamFoundationServer = http://glosvr03.glodom.local:8080/tfs/defaultcollection
		SccLocalPath0 = .
		SccProjectUniqueName1 = gloPrintDialog.csproj
		SccLocalPath1 = .
		SccProjectUniqueName2 = ..\\gloDatabaseLayer\\gloDatabaseLayer.csproj
		SccProjectName2 = ../gloDatabaseLayer
		SccLocalPath2 = ..\\gloDatabaseLayer
		SccProjectUniqueName3 = ..\\gloPDFPrint\\gloPDFPrint.csproj
		SccProjectName3 = ../gloPDFPrint
		SccLocalPath3 = ..\\gloPDFPrint
		SccProjectUniqueName4 = ..\\gloAuditTrail\\gloAuditTrail.csproj
		SccProjectName4 = ../gloAuditTrail
		SccLocalPath4 = ..\\gloAuditTrail
		SccProjectUniqueName5 = ..\\gloGlobal\\gloGlobal.csproj
		SccProjectName5 = ../gloGlobal
		SccLocalPath5 = ..\\gloGlobal
		SccProjectUniqueName6 = ..\\gloClinicalQueueGeneral\\gloClinicalQueueGeneral\\gloClinicalQueueGeneral.csproj
		SccProjectName6 = ../gloClinicalQueueGeneral/gloClinicalQueueGeneral
		SccLocalPath6 = ..\\gloClinicalQueueGeneral\\gloClinicalQueueGeneral
	EndGlobalSection
	GlobalSection(SolutionConfigurationPlatforms) = preSolution
		Debug|Any CPU = Debug|Any CPU
		Debug|x86 = Debug|x86
		Release|Any CPU = Release|Any CPU
		Release|x86 = Release|x86
	EndGlobalSection
	GlobalSection(ProjectConfigurationPlatforms) = postSolution
		{8DD0457B-4AF0-4CB3-A7BB-35DAC5665C50}.Debug|Any CPU.ActiveCfg = Debug|x86
		{8DD0457B-4AF0-4CB3-A7BB-35DAC5665C50}.Debug|Any CPU.Build.0 = Debug|x86
		{8DD0457B-4AF0-4CB3-A7BB-35DAC5665C50}.Debug|x86.ActiveCfg = Debug|x86
		{8DD0457B-4AF0-4CB3-A7BB-35DAC5665C50}.Debug|x86.Build.0 = Debug|x86
		{8DD0457B-4AF0-4CB3-A7BB-35DAC5665C50}.Release|Any CPU.ActiveCfg = Release|Any CPU
		{8DD0457B-4AF0-4CB3-A7BB-35DAC5665C50}.Release|Any CPU.Build.0 = Release|Any CPU
		{8DD0457B-4AF0-4CB3-A7BB-35DAC5665C50}.Release|x86.ActiveCfg = Release|x86
		{8DD0457B-4AF0-4CB3-A7BB-35DAC5665C50}.Release|x86.Build.0 = Release|x86
		{B13A043B-1BAE-49AA-8F92-B1CDD77F0BF2}.Debug|Any CPU.ActiveCfg = Debug|x86
		{B13A043B-1BAE-49AA-8F92-B1CDD77F0BF2}.Debug|Any CPU.Build.0 = Debug|x86
		{B13A043B-1BAE-49AA-8F92-B1CDD77F0BF2}.Debug|x86.ActiveCfg = Debug|x86
		{B13A043B-1BAE-49AA-8F92-B1CDD77F0BF2}.Debug|x86.Build.0 = Debug|x86
		{B13A043B-1BAE-49AA-8F92-B1CDD77F0BF2}.Release|Any CPU.ActiveCfg = Release|x86
		{B13A043B-1BAE-49AA-8F92-B1CDD77F0BF2}.Release|x86.ActiveCfg = Release|x86
		{B13A043B-1BAE-49AA-8F92-B1CDD77F0BF2}.Release|x86.Build.0 = Release|x86
		{6D67B632-66D0-4EDC-9943-B6488A6098D3}.Debug|Any CPU.ActiveCfg = Debug|Any CPU
		{6D67B632-66D0-4EDC-9943-B6488A6098D3}.Debug|Any CPU.Build.0 = Debug|Any CPU
		{6D67B632-66D0-4EDC-9943-B6488A6098D3}.Debug|x86.ActiveCfg = Debug|x86
		{6D67B632-66D0-4EDC-9943-B6488A6098D3}.Debug|x86.Build.0 = Debug|x86
		{6D67B632-66D0-4EDC-9943-B6488A6098D3}.Release|Any CPU.ActiveCfg = Release|Any CPU
		{6D67B632-66D0-4EDC-9943-B6488A6098D3}.Release|Any CPU.Build.0 = Release|Any CPU
		{6D67B632-66D0-4EDC-9943-B6488A6098D3}.Release|x86.ActiveCfg = Release|x86
		{6D67B632-66D0-4EDC-9943-B6488A6098D3}.Release|x86.Build.0 = Release|x86
		{3F4FA298-6C2B-4635-94A0-B0FB20F9AAAF}.Debug|Any CPU.ActiveCfg = Debug|Any CPU
		{3F4FA298-6C2B-4635-94A0-B0FB20F9AAAF}.Debug|Any CPU.Build.0 = Debug|Any CPU
		{3F4FA298-6C2B-4635-94A0-B0FB20F9AAAF}.Debug|x86.ActiveCfg = Debug|x86
		{3F4FA298-6C2B-4635-94A0-B0FB20F9AAAF}.Debug|x86.Build.0 = Debug|x86
		{3F4FA298-6C2B-4635-94A0-B0FB20F9AAAF}.Release|Any CPU.ActiveCfg = Release|Any CPU
		{3F4FA298-6C2B-4635-94A0-B0FB20F9AAAF}.Release|Any CPU.Build.0 = Release|Any CPU
		{3F4FA298-6C2B-4635-94A0-B0FB20F9AAAF}.Release|x86.ActiveCfg = Release|x86
		{3F4FA298-6C2B-4635-94A0-B0FB20F9AAAF}.Release|x86.Build.0 = Release|x86
		{1418D0CB-0BAA-4777-90F8-9BB0E4BB9372}.Debug|Any CPU.ActiveCfg = Debug|Any CPU
		{1418D0CB-0BAA-4777-90F8-9BB0E4BB9372}.Debug|Any CPU.Build.0 = Debug|Any CPU
		{1418D0CB-0BAA-4777-90F8-9BB0E4BB9372}.Debug|x86.ActiveCfg = Debug|x86
		{1418D0CB-0BAA-4777-90F8-9BB0E4BB9372}.Debug|x86.Build.0 = Debug|x86
		{1418D0CB-0BAA-4777-90F8-9BB0E4BB9372}.Release|Any CPU.ActiveCfg = Release|Any CPU
		{1418D0CB-0BAA-4777-90F8-9BB0E4BB9372}.Release|Any CPU.Build.0 = Release|Any CPU
		{1418D0CB-0BAA-4777-90F8-9BB0E4BB9372}.Release|x86.ActiveCfg = Release|x86
		{1418D0CB-0BAA-4777-90F8-9BB0E4BB9372}.Release|x86.Build.0 = Release|x86
		{F4774319-666F-44A3-8178-7E719ECDEF56}.Debug|Any CPU.ActiveCfg = Debug|Any CPU
		{F4774319-666F-44A3-8178-7E719ECDEF56}.Debug|Any CPU.Build.0 = Debug|Any CPU
		{F4774319-666F-44A3-8178-7E719ECDEF56}.Debug|x86.ActiveCfg = Debug|x86
		{F4774319-666F-44A3-8178-7E719ECDEF56}.Debug|x86.Build.0 = Debug|x86
		{F4774319-666F-44A3-8178-7E719ECDEF56}.Release|Any CPU.ActiveCfg = Release|Any CPU
		{F4774319-666F-44A3-8178-7E719ECDEF56}.Release|Any CPU.Build.0 = Release|Any CPU
		{F4774319-666F-44A3-8178-7E719ECDEF56}.Release|x86.ActiveCfg = Release|x86
		{F4774319-666F-44A3-8178-7E719ECDEF56}.Release|x86.Build.0 = Release|x86
	EndGlobalSection
	GlobalSection(SolutionProperties) = preSolution
		HideSolutionNode = FALSE
	EndGlobalSection
EndGlobal
